
Microsoft Visual Studio Solution File, Format Version 12.00
# Visual Studio Version 16
VisualStudioVersion = 16.0.28803.352
MinimumVisualStudioVersion = 10.0.40219.1
Project("{FAE04EC0-301F-11D3-BF4B-00C04F79EFBC}") = "01.Sum and Average", "01.Sum and Average\01.Sum and Average.csproj", "{9BE45738-5921-4EA8-91E0-4C1E8BCBE4D5}"
EndProject
Project("{FAE04EC0-301F-11D3-BF4B-00C04F79EFBC}") = "02.Sort Words", "02.Sort Words\02.Sort Words.csproj", "{D0F48F39-8439-47DF-AFFA-65113D7BD7D4}"
EndProject
Project("{FAE04EC0-301F-11D3-BF4B-00C04F79EFBC}") = "03.Longest Subsequence", "03.Longest Subsequence\03.Longest Subsequence.csproj", "{B0B47ACF-F652-4054-B7A5-B8E4C933E16E}"
EndProject
Project("{FAE04EC0-301F-11D3-BF4B-00C04F79EFBC}") = "04.Remove Odd Occurrences", "04.Remove Odd Occurrences\04.Remove Odd Occurrences.csproj", "{8427D517-1439-4FF7-A378-9CD634D414BA}"
EndProject
Global
	GlobalSection(SolutionConfigurationPlatforms) = preSolution
		Debug|Any CPU = Debug|Any CPU
		Release|Any CPU = Release|Any CPU
	EndGlobalSection
	GlobalSection(ProjectConfigurationPlatforms) = postSolution
		{9BE45738-5921-4EA8-91E0-4C1E8BCBE4D5}.Debug|Any CPU.ActiveCfg = Debug|Any CPU
		{9BE45738-5921-4EA8-91E0-4C1E8BCBE4D5}.Debug|Any CPU.Build.0 = Debug|Any CPU
		{9BE45738-5921-4EA8-91E0-4C1E8BCBE4D5}.Release|Any CPU.ActiveCfg = Release|Any CPU
		{9BE45738-5921-4EA8-91E0-4C1E8BCBE4D5}.Release|Any CPU.Build.0 = Release|Any CPU
		{D0F48F39-8439-47DF-AFFA-65113D7BD7D4}.Debug|Any CPU.ActiveCfg = Debug|Any CPU
		{D0F48F39-8439-47DF-AFFA-65113D7BD7D4}.Debug|Any CPU.Build.0 = Debug|Any CPU
		{D0F48F39-8439-47DF-AFFA-65113D7BD7D4}.Release|Any CPU.ActiveCfg = Release|Any CPU
		{D0F48F39-8439-47DF-AFFA-65113D7BD7D4}.Release|Any CPU.Build.0 = Release|Any CPU
		{B0B47ACF-F652-4054-B7A5-B8E4C933E16E}.Debug|Any CPU.ActiveCfg = Debug|Any CPU
		{B0B47ACF-F652-4054-B7A5-B8E4C933E16E}.Debug|Any CPU.Build.0 = Debug|Any CPU
		{B0B47ACF-F652-4054-B7A5-B8E4C933E16E}.Release|Any CPU.ActiveCfg = Release|Any CPU
		{B0B47ACF-F652-4054-B7A5-B8E4C933E16E}.Release|Any CPU.Build.0 = Release|Any CPU
		{8427D517-1439-4FF7-A378-9CD634D414BA}.Debug|Any CPU.ActiveCfg = Debug|Any CPU
		{8427D517-1439-4FF7-A378-9CD634D414BA}.Debug|Any CPU.Build.0 = Debug|Any CPU
		{8427D517-1439-4FF7-A378-9CD634D414BA}.Release|Any CPU.ActiveCfg = Release|Any CPU
		{8427D517-1439-4FF7-A378-9CD634D414BA}.Release|Any CPU.Build.0 = Release|Any CPU
	EndGlobalSection
	GlobalSection(SolutionProperties) = preSolution
		HideSolutionNode = FALSE
	EndGlobalSection
	GlobalSection(ExtensibilityGlobals) = postSolution
		SolutionGuid = {BBDF6D33-D63A-4693-9724-F2424F9730D3}
	EndGlobalSection
EndGlobal
