
Microsoft Visual Studio Solution File, Format Version 12.00
# Visual Studio Version 16
VisualStudioVersion = 16.0.28803.352
MinimumVisualStudioVersion = 10.0.40219.1
Project("{FAE04EC0-301F-11D3-BF4B-00C04F79EFBC}") = "01. Count Same Values in Array", "01. Count Same Values in Array\01. Count Same Values in Array.csproj", "{FF982AB4-94EC-45D5-A122-0EE67D9F1D64}"
EndProject
Project("{FAE04EC0-301F-11D3-BF4B-00C04F79EFBC}") = "02. Average Student Grades", "02. Average Student Grades\02. Average Student Grades.csproj", "{9476AE56-4AAC-4081-BC24-6B53FCC236D7}"
EndProject
Project("{FAE04EC0-301F-11D3-BF4B-00C04F79EFBC}") = "03. Product Shop", "03. Product Shop\03. Product Shop.csproj", "{900B8CB7-87BA-4060-AEE4-29D0CCDEBBF9}"
EndProject
Project("{FAE04EC0-301F-11D3-BF4B-00C04F79EFBC}") = "04. Cities by Continent and Country", "04. Cities by Continent and Country\04. Cities by Continent and Country.csproj", "{A7174672-B589-45E6-8378-AE54C0828E3B}"
EndProject
Project("{FAE04EC0-301F-11D3-BF4B-00C04F79EFBC}") = "05. Record Unique Names", "05. Record Unique Names\05. Record Unique Names.csproj", "{CC3091C6-79B7-418F-A403-E1E22C7E39A1}"
EndProject
Project("{FAE04EC0-301F-11D3-BF4B-00C04F79EFBC}") = "06. Parking Lot", "06. Parking Lot\06. Parking Lot.csproj", "{69DA132D-E3AC-40BE-9582-DB872ACE7771}"
EndProject
Project("{FAE04EC0-301F-11D3-BF4B-00C04F79EFBC}") = "07. SoftUni Party", "07. SoftUni Party\07. SoftUni Party.csproj", "{F6575940-BE14-4380-8455-6B60150171E1}"
EndProject
Global
	GlobalSection(SolutionConfigurationPlatforms) = preSolution
		Debug|Any CPU = Debug|Any CPU
		Release|Any CPU = Release|Any CPU
	EndGlobalSection
	GlobalSection(ProjectConfigurationPlatforms) = postSolution
		{FF982AB4-94EC-45D5-A122-0EE67D9F1D64}.Debug|Any CPU.ActiveCfg = Debug|Any CPU
		{FF982AB4-94EC-45D5-A122-0EE67D9F1D64}.Debug|Any CPU.Build.0 = Debug|Any CPU
		{FF982AB4-94EC-45D5-A122-0EE67D9F1D64}.Release|Any CPU.ActiveCfg = Release|Any CPU
		{FF982AB4-94EC-45D5-A122-0EE67D9F1D64}.Release|Any CPU.Build.0 = Release|Any CPU
		{9476AE56-4AAC-4081-BC24-6B53FCC236D7}.Debug|Any CPU.ActiveCfg = Debug|Any CPU
		{9476AE56-4AAC-4081-BC24-6B53FCC236D7}.Debug|Any CPU.Build.0 = Debug|Any CPU
		{9476AE56-4AAC-4081-BC24-6B53FCC236D7}.Release|Any CPU.ActiveCfg = Release|Any CPU
		{9476AE56-4AAC-4081-BC24-6B53FCC236D7}.Release|Any CPU.Build.0 = Release|Any CPU
		{900B8CB7-87BA-4060-AEE4-29D0CCDEBBF9}.Debug|Any CPU.ActiveCfg = Debug|Any CPU
		{900B8CB7-87BA-4060-AEE4-29D0CCDEBBF9}.Debug|Any CPU.Build.0 = Debug|Any CPU
		{900B8CB7-87BA-4060-AEE4-29D0CCDEBBF9}.Release|Any CPU.ActiveCfg = Release|Any CPU
		{900B8CB7-87BA-4060-AEE4-29D0CCDEBBF9}.Release|Any CPU.Build.0 = Release|Any CPU
		{A7174672-B589-45E6-8378-AE54C0828E3B}.Debug|Any CPU.ActiveCfg = Debug|Any CPU
		{A7174672-B589-45E6-8378-AE54C0828E3B}.Debug|Any CPU.Build.0 = Debug|Any CPU
		{A7174672-B589-45E6-8378-AE54C0828E3B}.Release|Any CPU.ActiveCfg = Release|Any CPU
		{A7174672-B589-45E6-8378-AE54C0828E3B}.Release|Any CPU.Build.0 = Release|Any CPU
		{CC3091C6-79B7-418F-A403-E1E22C7E39A1}.Debug|Any CPU.ActiveCfg = Debug|Any CPU
		{CC3091C6-79B7-418F-A403-E1E22C7E39A1}.Debug|Any CPU.Build.0 = Debug|Any CPU
		{CC3091C6-79B7-418F-A403-E1E22C7E39A1}.Release|Any CPU.ActiveCfg = Release|Any CPU
		{CC3091C6-79B7-418F-A403-E1E22C7E39A1}.Release|Any CPU.Build.0 = Release|Any CPU
		{69DA132D-E3AC-40BE-9582-DB872ACE7771}.Debug|Any CPU.ActiveCfg = Debug|Any CPU
		{69DA132D-E3AC-40BE-9582-DB872ACE7771}.Debug|Any CPU.Build.0 = Debug|Any CPU
		{69DA132D-E3AC-40BE-9582-DB872ACE7771}.Release|Any CPU.ActiveCfg = Release|Any CPU
		{69DA132D-E3AC-40BE-9582-DB872ACE7771}.Release|Any CPU.Build.0 = Release|Any CPU
		{F6575940-BE14-4380-8455-6B60150171E1}.Debug|Any CPU.ActiveCfg = Debug|Any CPU
		{F6575940-BE14-4380-8455-6B60150171E1}.Debug|Any CPU.Build.0 = Debug|Any CPU
		{F6575940-BE14-4380-8455-6B60150171E1}.Release|Any CPU.ActiveCfg = Release|Any CPU
		{F6575940-BE14-4380-8455-6B60150171E1}.Release|Any CPU.Build.0 = Release|Any CPU
	EndGlobalSection
	GlobalSection(SolutionProperties) = preSolution
		HideSolutionNode = FALSE
	EndGlobalSection
	GlobalSection(ExtensibilityGlobals) = postSolution
		SolutionGuid = {3410A601-AE06-4B43-82AD-9AE3D6F08340}
	EndGlobalSection
EndGlobal
