
Microsoft Visual Studio Solution File, Format Version 12.00
# Visual Studio Version 16
VisualStudioVersion = 16.0.29424.173
MinimumVisualStudioVersion = 10.0.40219.1
Project("{FAE04EC0-301F-11D3-BF4B-00C04F79EFBC}") = "P01_HospitalDatabase", "Code_First_Ex\P01_HospitalDatabase.csproj", "{C285ECF9-1699-4B88-B298-E059E5895627}"
EndProject
Global
	GlobalSection(SolutionConfigurationPlatforms) = preSolution
		Debug|Any CPU = Debug|Any CPU
		Release|Any CPU = Release|Any CPU
	EndGlobalSection
	GlobalSection(ProjectConfigurationPlatforms) = postSolution
		{C285ECF9-1699-4B88-B298-E059E5895627}.Debug|Any CPU.ActiveCfg = Debug|Any CPU
		{C285ECF9-1699-4B88-B298-E059E5895627}.Debug|Any CPU.Build.0 = Debug|Any CPU
		{C285ECF9-1699-4B88-B298-E059E5895627}.Release|Any CPU.ActiveCfg = Release|Any CPU
		{C285ECF9-1699-4B88-B298-E059E5895627}.Release|Any CPU.Build.0 = Release|Any CPU
	EndGlobalSection
	GlobalSection(SolutionProperties) = preSolution
		HideSolutionNode = FALSE
	EndGlobalSection
	GlobalSection(ExtensibilityGlobals) = postSolution
		SolutionGuid = {70581E59-BEC0-45CD-ADA9-0B6E0ED805DE}
	EndGlobalSection
EndGlobal
