
Microsoft Visual Studio Solution File, Format Version 12.00
# Visual Studio 15
VisualStudioVersion = 15.0.28307.421
MinimumVisualStudioVersion = 10.0.40219.1
Project("{9A19103F-16F7-4668-BE54-9A1E7A4F7556}") = "Objects and Classes Excersise", "Objects and Classes Excersise\Objects and Classes Excersise.csproj", "{EAA48092-F98A-4E9F-822D-1C49C2F35BEA}"
EndProject
Project("{9A19103F-16F7-4668-BE54-9A1E7A4F7556}") = "05.Teamwork projects", "05.Teamwork projects\05.Teamwork projects.csproj", "{696FB207-21DA-42D4-AF35-87385212DA04}"
EndProject
Project("{FAE04EC0-301F-11D3-BF4B-00C04F79EFBC}") = "07.Order by Age", "06.Vehicle Catalogue\07.Order by Age.csproj", "{6A384B7B-6204-45DE-BC5F-A31E0A7AC984}"
EndProject
Global
	GlobalSection(SolutionConfigurationPlatforms) = preSolution
		Debug|Any CPU = Debug|Any CPU
		Release|Any CPU = Release|Any CPU
	EndGlobalSection
	GlobalSection(ProjectConfigurationPlatforms) = postSolution
		{EAA48092-F98A-4E9F-822D-1C49C2F35BEA}.Debug|Any CPU.ActiveCfg = Debug|Any CPU
		{EAA48092-F98A-4E9F-822D-1C49C2F35BEA}.Debug|Any CPU.Build.0 = Debug|Any CPU
		{EAA48092-F98A-4E9F-822D-1C49C2F35BEA}.Release|Any CPU.ActiveCfg = Release|Any CPU
		{EAA48092-F98A-4E9F-822D-1C49C2F35BEA}.Release|Any CPU.Build.0 = Release|Any CPU
		{696FB207-21DA-42D4-AF35-87385212DA04}.Debug|Any CPU.ActiveCfg = Debug|Any CPU
		{696FB207-21DA-42D4-AF35-87385212DA04}.Debug|Any CPU.Build.0 = Debug|Any CPU
		{696FB207-21DA-42D4-AF35-87385212DA04}.Release|Any CPU.ActiveCfg = Release|Any CPU
		{696FB207-21DA-42D4-AF35-87385212DA04}.Release|Any CPU.Build.0 = Release|Any CPU
		{6A384B7B-6204-45DE-BC5F-A31E0A7AC984}.Debug|Any CPU.ActiveCfg = Debug|Any CPU
		{6A384B7B-6204-45DE-BC5F-A31E0A7AC984}.Debug|Any CPU.Build.0 = Debug|Any CPU
		{6A384B7B-6204-45DE-BC5F-A31E0A7AC984}.Release|Any CPU.ActiveCfg = Release|Any CPU
		{6A384B7B-6204-45DE-BC5F-A31E0A7AC984}.Release|Any CPU.Build.0 = Release|Any CPU
	EndGlobalSection
	GlobalSection(SolutionProperties) = preSolution
		HideSolutionNode = FALSE
	EndGlobalSection
	GlobalSection(ExtensibilityGlobals) = postSolution
		SolutionGuid = {0B1C8FC3-EE32-463A-8750-18B80F5DDFAD}
	EndGlobalSection
EndGlobal
