
Microsoft Visual Studio Solution File, Format Version 12.00
# Visual Studio Version 16
VisualStudioVersion = 16.0.29424.173
MinimumVisualStudioVersion = 10.0.40219.1
Project("{FAE04EC0-301F-11D3-BF4B-00C04F79EFBC}") = "P01_StudentSystem", "P01_StudentSystem\P01_StudentSystem.csproj", "{264C3AAB-EE3A-44D2-B539-D9EAA13A216C}"
EndProject
Global
	GlobalSection(SolutionConfigurationPlatforms) = preSolution
		Debug|Any CPU = Debug|Any CPU
		Release|Any CPU = Release|Any CPU
	EndGlobalSection
	GlobalSection(ProjectConfigurationPlatforms) = postSolution
		{264C3AAB-EE3A-44D2-B539-D9EAA13A216C}.Debug|Any CPU.ActiveCfg = Debug|Any CPU
		{264C3AAB-EE3A-44D2-B539-D9EAA13A216C}.Debug|Any CPU.Build.0 = Debug|Any CPU
		{264C3AAB-EE3A-44D2-B539-D9EAA13A216C}.Release|Any CPU.ActiveCfg = Release|Any CPU
		{264C3AAB-EE3A-44D2-B539-D9EAA13A216C}.Release|Any CPU.Build.0 = Release|Any CPU
	EndGlobalSection
	GlobalSection(SolutionProperties) = preSolution
		HideSolutionNode = FALSE
	EndGlobalSection
	GlobalSection(ExtensibilityGlobals) = postSolution
		SolutionGuid = {C90B5BF2-1762-4B33-BF90-0599183D03F4}
	EndGlobalSection
EndGlobal
