
Microsoft Visual Studio Solution File, Format Version 12.00
# Visual Studio Version 16
VisualStudioVersion = 16.0.28803.352
MinimumVisualStudioVersion = 10.0.40219.1
Project("{FAE04EC0-301F-11D3-BF4B-00C04F79EFBC}") = "01.Box_Of_T", "Generics_Lab\01.Box_Of_T.csproj", "{39A4888D-66A1-4E01-9D65-676F9A7C508F}"
EndProject
Project("{FAE04EC0-301F-11D3-BF4B-00C04F79EFBC}") = "02.Generic_Array_Creator", "02.Generic_Array_Creator\02.Generic_Array_Creator.csproj", "{38AC1BAE-8E1F-4631-A246-D24D4BC305CC}"
EndProject
Project("{FAE04EC0-301F-11D3-BF4B-00C04F79EFBC}") = "03.GenericScale", "03.GenericScale\03.GenericScale.csproj", "{7AEEB1B5-1085-47B8-8B49-4AFD8B4363C1}"
EndProject
Global
	GlobalSection(SolutionConfigurationPlatforms) = preSolution
		Debug|Any CPU = Debug|Any CPU
		Release|Any CPU = Release|Any CPU
	EndGlobalSection
	GlobalSection(ProjectConfigurationPlatforms) = postSolution
		{39A4888D-66A1-4E01-9D65-676F9A7C508F}.Debug|Any CPU.ActiveCfg = Debug|Any CPU
		{39A4888D-66A1-4E01-9D65-676F9A7C508F}.Debug|Any CPU.Build.0 = Debug|Any CPU
		{39A4888D-66A1-4E01-9D65-676F9A7C508F}.Release|Any CPU.ActiveCfg = Release|Any CPU
		{39A4888D-66A1-4E01-9D65-676F9A7C508F}.Release|Any CPU.Build.0 = Release|Any CPU
		{38AC1BAE-8E1F-4631-A246-D24D4BC305CC}.Debug|Any CPU.ActiveCfg = Debug|Any CPU
		{38AC1BAE-8E1F-4631-A246-D24D4BC305CC}.Debug|Any CPU.Build.0 = Debug|Any CPU
		{38AC1BAE-8E1F-4631-A246-D24D4BC305CC}.Release|Any CPU.ActiveCfg = Release|Any CPU
		{38AC1BAE-8E1F-4631-A246-D24D4BC305CC}.Release|Any CPU.Build.0 = Release|Any CPU
		{7AEEB1B5-1085-47B8-8B49-4AFD8B4363C1}.Debug|Any CPU.ActiveCfg = Debug|Any CPU
		{7AEEB1B5-1085-47B8-8B49-4AFD8B4363C1}.Debug|Any CPU.Build.0 = Debug|Any CPU
		{7AEEB1B5-1085-47B8-8B49-4AFD8B4363C1}.Release|Any CPU.ActiveCfg = Release|Any CPU
		{7AEEB1B5-1085-47B8-8B49-4AFD8B4363C1}.Release|Any CPU.Build.0 = Release|Any CPU
	EndGlobalSection
	GlobalSection(SolutionProperties) = preSolution
		HideSolutionNode = FALSE
	EndGlobalSection
	GlobalSection(ExtensibilityGlobals) = postSolution
		SolutionGuid = {937E4B5E-7E92-4498-B5CC-B1E60C67979B}
	EndGlobalSection
EndGlobal
