
Microsoft Visual Studio Solution File, Format Version 12.00
# Visual Studio Version 16
VisualStudioVersion = 16.0.29403.142
MinimumVisualStudioVersion = 10.0.40219.1
Project("{9A19103F-16F7-4668-BE54-9A1E7A4F7556}") = "02.VillainNames", "02.VillainNames\02.VillainNames.csproj", "{469C08F1-D9EA-4C4A-BBE7-BE8B62465EE2}"
EndProject
Project("{9A19103F-16F7-4668-BE54-9A1E7A4F7556}") = "03.MinionNames", "03.MinionNames\03.MinionNames.csproj", "{21AF5D34-11EB-4237-9B9D-0665675801DC}"
EndProject
Project("{9A19103F-16F7-4668-BE54-9A1E7A4F7556}") = "01.InitialSetup", "01.InitialSetup\01.InitialSetup.csproj", "{D7D4ED4B-6838-4D07-8101-0EFDC16B5218}"
EndProject
Project("{9A19103F-16F7-4668-BE54-9A1E7A4F7556}") = "04.AddMinion", "04.AddMinion\04.AddMinion.csproj", "{D1491292-E49F-4D94-B5E0-FFC143892C92}"
EndProject
Project("{FAE04EC0-301F-11D3-BF4B-00C04F79EFBC}") = "05.ChangeTownNamesCasing", "05.ChangeTownNamesCasing\05.ChangeTownNamesCasing.csproj", "{1A969675-E1B7-428D-AF65-B32D46390F2F}"
EndProject
Project("{FAE04EC0-301F-11D3-BF4B-00C04F79EFBC}") = "06.RemoveVillain", "06.RemoveVillain\06.RemoveVillain.csproj", "{AD8BDAD0-12D2-4997-B0B3-9E209755FA9C}"
EndProject
Global
	GlobalSection(SolutionConfigurationPlatforms) = preSolution
		Debug|Any CPU = Debug|Any CPU
		Debug|x64 = Debug|x64
		Debug|x86 = Debug|x86
		Release|Any CPU = Release|Any CPU
		Release|x64 = Release|x64
		Release|x86 = Release|x86
	EndGlobalSection
	GlobalSection(ProjectConfigurationPlatforms) = postSolution
		{469C08F1-D9EA-4C4A-BBE7-BE8B62465EE2}.Debug|Any CPU.ActiveCfg = Debug|Any CPU
		{469C08F1-D9EA-4C4A-BBE7-BE8B62465EE2}.Debug|Any CPU.Build.0 = Debug|Any CPU
		{469C08F1-D9EA-4C4A-BBE7-BE8B62465EE2}.Debug|x64.ActiveCfg = Debug|Any CPU
		{469C08F1-D9EA-4C4A-BBE7-BE8B62465EE2}.Debug|x64.Build.0 = Debug|Any CPU
		{469C08F1-D9EA-4C4A-BBE7-BE8B62465EE2}.Debug|x86.ActiveCfg = Debug|Any CPU
		{469C08F1-D9EA-4C4A-BBE7-BE8B62465EE2}.Debug|x86.Build.0 = Debug|Any CPU
		{469C08F1-D9EA-4C4A-BBE7-BE8B62465EE2}.Release|Any CPU.ActiveCfg = Release|Any CPU
		{469C08F1-D9EA-4C4A-BBE7-BE8B62465EE2}.Release|Any CPU.Build.0 = Release|Any CPU
		{469C08F1-D9EA-4C4A-BBE7-BE8B62465EE2}.Release|x64.ActiveCfg = Release|Any CPU
		{469C08F1-D9EA-4C4A-BBE7-BE8B62465EE2}.Release|x64.Build.0 = Release|Any CPU
		{469C08F1-D9EA-4C4A-BBE7-BE8B62465EE2}.Release|x86.ActiveCfg = Release|Any CPU
		{469C08F1-D9EA-4C4A-BBE7-BE8B62465EE2}.Release|x86.Build.0 = Release|Any CPU
		{21AF5D34-11EB-4237-9B9D-0665675801DC}.Debug|Any CPU.ActiveCfg = Debug|Any CPU
		{21AF5D34-11EB-4237-9B9D-0665675801DC}.Debug|Any CPU.Build.0 = Debug|Any CPU
		{21AF5D34-11EB-4237-9B9D-0665675801DC}.Debug|x64.ActiveCfg = Debug|Any CPU
		{21AF5D34-11EB-4237-9B9D-0665675801DC}.Debug|x64.Build.0 = Debug|Any CPU
		{21AF5D34-11EB-4237-9B9D-0665675801DC}.Debug|x86.ActiveCfg = Debug|Any CPU
		{21AF5D34-11EB-4237-9B9D-0665675801DC}.Debug|x86.Build.0 = Debug|Any CPU
		{21AF5D34-11EB-4237-9B9D-0665675801DC}.Release|Any CPU.ActiveCfg = Release|Any CPU
		{21AF5D34-11EB-4237-9B9D-0665675801DC}.Release|Any CPU.Build.0 = Release|Any CPU
		{21AF5D34-11EB-4237-9B9D-0665675801DC}.Release|x64.ActiveCfg = Release|Any CPU
		{21AF5D34-11EB-4237-9B9D-0665675801DC}.Release|x64.Build.0 = Release|Any CPU
		{21AF5D34-11EB-4237-9B9D-0665675801DC}.Release|x86.ActiveCfg = Release|Any CPU
		{21AF5D34-11EB-4237-9B9D-0665675801DC}.Release|x86.Build.0 = Release|Any CPU
		{D7D4ED4B-6838-4D07-8101-0EFDC16B5218}.Debug|Any CPU.ActiveCfg = Debug|Any CPU
		{D7D4ED4B-6838-4D07-8101-0EFDC16B5218}.Debug|Any CPU.Build.0 = Debug|Any CPU
		{D7D4ED4B-6838-4D07-8101-0EFDC16B5218}.Debug|x64.ActiveCfg = Debug|Any CPU
		{D7D4ED4B-6838-4D07-8101-0EFDC16B5218}.Debug|x64.Build.0 = Debug|Any CPU
		{D7D4ED4B-6838-4D07-8101-0EFDC16B5218}.Debug|x86.ActiveCfg = Debug|Any CPU
		{D7D4ED4B-6838-4D07-8101-0EFDC16B5218}.Debug|x86.Build.0 = Debug|Any CPU
		{D7D4ED4B-6838-4D07-8101-0EFDC16B5218}.Release|Any CPU.ActiveCfg = Release|Any CPU
		{D7D4ED4B-6838-4D07-8101-0EFDC16B5218}.Release|Any CPU.Build.0 = Release|Any CPU
		{D7D4ED4B-6838-4D07-8101-0EFDC16B5218}.Release|x64.ActiveCfg = Release|Any CPU
		{D7D4ED4B-6838-4D07-8101-0EFDC16B5218}.Release|x64.Build.0 = Release|Any CPU
		{D7D4ED4B-6838-4D07-8101-0EFDC16B5218}.Release|x86.ActiveCfg = Release|Any CPU
		{D7D4ED4B-6838-4D07-8101-0EFDC16B5218}.Release|x86.Build.0 = Release|Any CPU
		{D1491292-E49F-4D94-B5E0-FFC143892C92}.Debug|Any CPU.ActiveCfg = Debug|Any CPU
		{D1491292-E49F-4D94-B5E0-FFC143892C92}.Debug|Any CPU.Build.0 = Debug|Any CPU
		{D1491292-E49F-4D94-B5E0-FFC143892C92}.Debug|x64.ActiveCfg = Debug|Any CPU
		{D1491292-E49F-4D94-B5E0-FFC143892C92}.Debug|x64.Build.0 = Debug|Any CPU
		{D1491292-E49F-4D94-B5E0-FFC143892C92}.Debug|x86.ActiveCfg = Debug|Any CPU
		{D1491292-E49F-4D94-B5E0-FFC143892C92}.Debug|x86.Build.0 = Debug|Any CPU
		{D1491292-E49F-4D94-B5E0-FFC143892C92}.Release|Any CPU.ActiveCfg = Release|Any CPU
		{D1491292-E49F-4D94-B5E0-FFC143892C92}.Release|Any CPU.Build.0 = Release|Any CPU
		{D1491292-E49F-4D94-B5E0-FFC143892C92}.Release|x64.ActiveCfg = Release|Any CPU
		{D1491292-E49F-4D94-B5E0-FFC143892C92}.Release|x64.Build.0 = Release|Any CPU
		{D1491292-E49F-4D94-B5E0-FFC143892C92}.Release|x86.ActiveCfg = Release|Any CPU
		{D1491292-E49F-4D94-B5E0-FFC143892C92}.Release|x86.Build.0 = Release|Any CPU
		{1A969675-E1B7-428D-AF65-B32D46390F2F}.Debug|Any CPU.ActiveCfg = Debug|Any CPU
		{1A969675-E1B7-428D-AF65-B32D46390F2F}.Debug|Any CPU.Build.0 = Debug|Any CPU
		{1A969675-E1B7-428D-AF65-B32D46390F2F}.Debug|x64.ActiveCfg = Debug|Any CPU
		{1A969675-E1B7-428D-AF65-B32D46390F2F}.Debug|x64.Build.0 = Debug|Any CPU
		{1A969675-E1B7-428D-AF65-B32D46390F2F}.Debug|x86.ActiveCfg = Debug|Any CPU
		{1A969675-E1B7-428D-AF65-B32D46390F2F}.Debug|x86.Build.0 = Debug|Any CPU
		{1A969675-E1B7-428D-AF65-B32D46390F2F}.Release|Any CPU.ActiveCfg = Release|Any CPU
		{1A969675-E1B7-428D-AF65-B32D46390F2F}.Release|Any CPU.Build.0 = Release|Any CPU
		{1A969675-E1B7-428D-AF65-B32D46390F2F}.Release|x64.ActiveCfg = Release|Any CPU
		{1A969675-E1B7-428D-AF65-B32D46390F2F}.Release|x64.Build.0 = Release|Any CPU
		{1A969675-E1B7-428D-AF65-B32D46390F2F}.Release|x86.ActiveCfg = Release|Any CPU
		{1A969675-E1B7-428D-AF65-B32D46390F2F}.Release|x86.Build.0 = Release|Any CPU
		{AD8BDAD0-12D2-4997-B0B3-9E209755FA9C}.Debug|Any CPU.ActiveCfg = Debug|Any CPU
		{AD8BDAD0-12D2-4997-B0B3-9E209755FA9C}.Debug|Any CPU.Build.0 = Debug|Any CPU
		{AD8BDAD0-12D2-4997-B0B3-9E209755FA9C}.Debug|x64.ActiveCfg = Debug|Any CPU
		{AD8BDAD0-12D2-4997-B0B3-9E209755FA9C}.Debug|x64.Build.0 = Debug|Any CPU
		{AD8BDAD0-12D2-4997-B0B3-9E209755FA9C}.Debug|x86.ActiveCfg = Debug|Any CPU
		{AD8BDAD0-12D2-4997-B0B3-9E209755FA9C}.Debug|x86.Build.0 = Debug|Any CPU
		{AD8BDAD0-12D2-4997-B0B3-9E209755FA9C}.Release|Any CPU.ActiveCfg = Release|Any CPU
		{AD8BDAD0-12D2-4997-B0B3-9E209755FA9C}.Release|Any CPU.Build.0 = Release|Any CPU
		{AD8BDAD0-12D2-4997-B0B3-9E209755FA9C}.Release|x64.ActiveCfg = Release|Any CPU
		{AD8BDAD0-12D2-4997-B0B3-9E209755FA9C}.Release|x64.Build.0 = Release|Any CPU
		{AD8BDAD0-12D2-4997-B0B3-9E209755FA9C}.Release|x86.ActiveCfg = Release|Any CPU
		{AD8BDAD0-12D2-4997-B0B3-9E209755FA9C}.Release|x86.Build.0 = Release|Any CPU
	EndGlobalSection
	GlobalSection(SolutionProperties) = preSolution
		HideSolutionNode = FALSE
	EndGlobalSection
	GlobalSection(ExtensibilityGlobals) = postSolution
		SolutionGuid = {BB8B1BAC-8ED0-44C7-921D-AA205B2919FA}
	EndGlobalSection
EndGlobal
