
Microsoft Visual Studio Solution File, Format Version 12.00
# Visual Studio 15
VisualStudioVersion = 15.0.28307.489
MinimumVisualStudioVersion = 10.0.40219.1
Project("{9A19103F-16F7-4668-BE54-9A1E7A4F7556}") = "01. Valid Usernames", "01. Valid Usernames\01. Valid Usernames.csproj", "{6AF6F45E-77A0-48DB-A980-8F7F2E94E55A}"
EndProject
Project("{9A19103F-16F7-4668-BE54-9A1E7A4F7556}") = "02. Character Multiplier", "02. Character Multiplier\02. Character Multiplier.csproj", "{83DADEC8-6CB9-4955-B77A-8FFB228C5CB7}"
EndProject
Project("{9A19103F-16F7-4668-BE54-9A1E7A4F7556}") = "03. Extract File", "03. Extract File\03. Extract File.csproj", "{02DE8D5A-CC81-49C7-A573-B61388D4CFFD}"
EndProject
Project("{9A19103F-16F7-4668-BE54-9A1E7A4F7556}") = "04. Caesar Cipher", "04. Caesar Cipher\04. Caesar Cipher.csproj", "{B207E2FB-C20F-47BA-8131-1B7DAD95FCD3}"
EndProject
Project("{9A19103F-16F7-4668-BE54-9A1E7A4F7556}") = "05. Multiply Big Number", "05. Multiply Big Number\05. Multiply Big Number.csproj", "{BA82B67F-A8D5-4153-87EC-431D04CE106B}"
EndProject
Project("{9A19103F-16F7-4668-BE54-9A1E7A4F7556}") = "06. Replace Repeating Chars", "06. Replace Repeating Chars\06. Replace Repeating Chars.csproj", "{EB1C518B-2540-4990-867F-EC92BE7CA5B2}"
EndProject
Project("{9A19103F-16F7-4668-BE54-9A1E7A4F7556}") = "07. String Explosion", "07. String Explosion\07. String Explosion.csproj", "{94CFE6BA-CEEA-4438-926F-0F84BAA1150B}"
EndProject
Project("{FAE04EC0-301F-11D3-BF4B-00C04F79EFBC}") = "08. Match Numbers", "08. Match Numbers\08. Match Numbers.csproj", "{FBD2F5AC-18EE-48C1-8562-BF0EB36DA433}"
EndProject
Global
	GlobalSection(SolutionConfigurationPlatforms) = preSolution
		Debug|Any CPU = Debug|Any CPU
		Debug|ARM = Debug|ARM
		Debug|ARM64 = Debug|ARM64
		Debug|x64 = Debug|x64
		Debug|x86 = Debug|x86
		Release|Any CPU = Release|Any CPU
		Release|ARM = Release|ARM
		Release|ARM64 = Release|ARM64
		Release|x64 = Release|x64
		Release|x86 = Release|x86
	EndGlobalSection
	GlobalSection(ProjectConfigurationPlatforms) = postSolution
		{6AF6F45E-77A0-48DB-A980-8F7F2E94E55A}.Debug|Any CPU.ActiveCfg = Debug|Any CPU
		{6AF6F45E-77A0-48DB-A980-8F7F2E94E55A}.Debug|Any CPU.Build.0 = Debug|Any CPU
		{6AF6F45E-77A0-48DB-A980-8F7F2E94E55A}.Debug|ARM.ActiveCfg = Debug|Any CPU
		{6AF6F45E-77A0-48DB-A980-8F7F2E94E55A}.Debug|ARM.Build.0 = Debug|Any CPU
		{6AF6F45E-77A0-48DB-A980-8F7F2E94E55A}.Debug|ARM64.ActiveCfg = Debug|Any CPU
		{6AF6F45E-77A0-48DB-A980-8F7F2E94E55A}.Debug|ARM64.Build.0 = Debug|Any CPU
		{6AF6F45E-77A0-48DB-A980-8F7F2E94E55A}.Debug|x64.ActiveCfg = Debug|Any CPU
		{6AF6F45E-77A0-48DB-A980-8F7F2E94E55A}.Debug|x64.Build.0 = Debug|Any CPU
		{6AF6F45E-77A0-48DB-A980-8F7F2E94E55A}.Debug|x86.ActiveCfg = Debug|Any CPU
		{6AF6F45E-77A0-48DB-A980-8F7F2E94E55A}.Debug|x86.Build.0 = Debug|Any CPU
		{6AF6F45E-77A0-48DB-A980-8F7F2E94E55A}.Release|Any CPU.ActiveCfg = Release|Any CPU
		{6AF6F45E-77A0-48DB-A980-8F7F2E94E55A}.Release|Any CPU.Build.0 = Release|Any CPU
		{6AF6F45E-77A0-48DB-A980-8F7F2E94E55A}.Release|ARM.ActiveCfg = Release|Any CPU
		{6AF6F45E-77A0-48DB-A980-8F7F2E94E55A}.Release|ARM.Build.0 = Release|Any CPU
		{6AF6F45E-77A0-48DB-A980-8F7F2E94E55A}.Release|ARM64.ActiveCfg = Release|Any CPU
		{6AF6F45E-77A0-48DB-A980-8F7F2E94E55A}.Release|ARM64.Build.0 = Release|Any CPU
		{6AF6F45E-77A0-48DB-A980-8F7F2E94E55A}.Release|x64.ActiveCfg = Release|Any CPU
		{6AF6F45E-77A0-48DB-A980-8F7F2E94E55A}.Release|x64.Build.0 = Release|Any CPU
		{6AF6F45E-77A0-48DB-A980-8F7F2E94E55A}.Release|x86.ActiveCfg = Release|Any CPU
		{6AF6F45E-77A0-48DB-A980-8F7F2E94E55A}.Release|x86.Build.0 = Release|Any CPU
		{83DADEC8-6CB9-4955-B77A-8FFB228C5CB7}.Debug|Any CPU.ActiveCfg = Debug|Any CPU
		{83DADEC8-6CB9-4955-B77A-8FFB228C5CB7}.Debug|Any CPU.Build.0 = Debug|Any CPU
		{83DADEC8-6CB9-4955-B77A-8FFB228C5CB7}.Debug|ARM.ActiveCfg = Debug|Any CPU
		{83DADEC8-6CB9-4955-B77A-8FFB228C5CB7}.Debug|ARM.Build.0 = Debug|Any CPU
		{83DADEC8-6CB9-4955-B77A-8FFB228C5CB7}.Debug|ARM64.ActiveCfg = Debug|Any CPU
		{83DADEC8-6CB9-4955-B77A-8FFB228C5CB7}.Debug|ARM64.Build.0 = Debug|Any CPU
		{83DADEC8-6CB9-4955-B77A-8FFB228C5CB7}.Debug|x64.ActiveCfg = Debug|Any CPU
		{83DADEC8-6CB9-4955-B77A-8FFB228C5CB7}.Debug|x64.Build.0 = Debug|Any CPU
		{83DADEC8-6CB9-4955-B77A-8FFB228C5CB7}.Debug|x86.ActiveCfg = Debug|Any CPU
		{83DADEC8-6CB9-4955-B77A-8FFB228C5CB7}.Debug|x86.Build.0 = Debug|Any CPU
		{83DADEC8-6CB9-4955-B77A-8FFB228C5CB7}.Release|Any CPU.ActiveCfg = Release|Any CPU
		{83DADEC8-6CB9-4955-B77A-8FFB228C5CB7}.Release|Any CPU.Build.0 = Release|Any CPU
		{83DADEC8-6CB9-4955-B77A-8FFB228C5CB7}.Release|ARM.ActiveCfg = Release|Any CPU
		{83DADEC8-6CB9-4955-B77A-8FFB228C5CB7}.Release|ARM.Build.0 = Release|Any CPU
		{83DADEC8-6CB9-4955-B77A-8FFB228C5CB7}.Release|ARM64.ActiveCfg = Release|Any CPU
		{83DADEC8-6CB9-4955-B77A-8FFB228C5CB7}.Release|ARM64.Build.0 = Release|Any CPU
		{83DADEC8-6CB9-4955-B77A-8FFB228C5CB7}.Release|x64.ActiveCfg = Release|Any CPU
		{83DADEC8-6CB9-4955-B77A-8FFB228C5CB7}.Release|x64.Build.0 = Release|Any CPU
		{83DADEC8-6CB9-4955-B77A-8FFB228C5CB7}.Release|x86.ActiveCfg = Release|Any CPU
		{83DADEC8-6CB9-4955-B77A-8FFB228C5CB7}.Release|x86.Build.0 = Release|Any CPU
		{02DE8D5A-CC81-49C7-A573-B61388D4CFFD}.Debug|Any CPU.ActiveCfg = Debug|Any CPU
		{02DE8D5A-CC81-49C7-A573-B61388D4CFFD}.Debug|Any CPU.Build.0 = Debug|Any CPU
		{02DE8D5A-CC81-49C7-A573-B61388D4CFFD}.Debug|ARM.ActiveCfg = Debug|Any CPU
		{02DE8D5A-CC81-49C7-A573-B61388D4CFFD}.Debug|ARM.Build.0 = Debug|Any CPU
		{02DE8D5A-CC81-49C7-A573-B61388D4CFFD}.Debug|ARM64.ActiveCfg = Debug|Any CPU
		{02DE8D5A-CC81-49C7-A573-B61388D4CFFD}.Debug|ARM64.Build.0 = Debug|Any CPU
		{02DE8D5A-CC81-49C7-A573-B61388D4CFFD}.Debug|x64.ActiveCfg = Debug|Any CPU
		{02DE8D5A-CC81-49C7-A573-B61388D4CFFD}.Debug|x64.Build.0 = Debug|Any CPU
		{02DE8D5A-CC81-49C7-A573-B61388D4CFFD}.Debug|x86.ActiveCfg = Debug|Any CPU
		{02DE8D5A-CC81-49C7-A573-B61388D4CFFD}.Debug|x86.Build.0 = Debug|Any CPU
		{02DE8D5A-CC81-49C7-A573-B61388D4CFFD}.Release|Any CPU.ActiveCfg = Release|Any CPU
		{02DE8D5A-CC81-49C7-A573-B61388D4CFFD}.Release|Any CPU.Build.0 = Release|Any CPU
		{02DE8D5A-CC81-49C7-A573-B61388D4CFFD}.Release|ARM.ActiveCfg = Release|Any CPU
		{02DE8D5A-CC81-49C7-A573-B61388D4CFFD}.Release|ARM.Build.0 = Release|Any CPU
		{02DE8D5A-CC81-49C7-A573-B61388D4CFFD}.Release|ARM64.ActiveCfg = Release|Any CPU
		{02DE8D5A-CC81-49C7-A573-B61388D4CFFD}.Release|ARM64.Build.0 = Release|Any CPU
		{02DE8D5A-CC81-49C7-A573-B61388D4CFFD}.Release|x64.ActiveCfg = Release|Any CPU
		{02DE8D5A-CC81-49C7-A573-B61388D4CFFD}.Release|x64.Build.0 = Release|Any CPU
		{02DE8D5A-CC81-49C7-A573-B61388D4CFFD}.Release|x86.ActiveCfg = Release|Any CPU
		{02DE8D5A-CC81-49C7-A573-B61388D4CFFD}.Release|x86.Build.0 = Release|Any CPU
		{B207E2FB-C20F-47BA-8131-1B7DAD95FCD3}.Debug|Any CPU.ActiveCfg = Debug|Any CPU
		{B207E2FB-C20F-47BA-8131-1B7DAD95FCD3}.Debug|Any CPU.Build.0 = Debug|Any CPU
		{B207E2FB-C20F-47BA-8131-1B7DAD95FCD3}.Debug|ARM.ActiveCfg = Debug|Any CPU
		{B207E2FB-C20F-47BA-8131-1B7DAD95FCD3}.Debug|ARM.Build.0 = Debug|Any CPU
		{B207E2FB-C20F-47BA-8131-1B7DAD95FCD3}.Debug|ARM64.ActiveCfg = Debug|Any CPU
		{B207E2FB-C20F-47BA-8131-1B7DAD95FCD3}.Debug|ARM64.Build.0 = Debug|Any CPU
		{B207E2FB-C20F-47BA-8131-1B7DAD95FCD3}.Debug|x64.ActiveCfg = Debug|Any CPU
		{B207E2FB-C20F-47BA-8131-1B7DAD95FCD3}.Debug|x64.Build.0 = Debug|Any CPU
		{B207E2FB-C20F-47BA-8131-1B7DAD95FCD3}.Debug|x86.ActiveCfg = Debug|Any CPU
		{B207E2FB-C20F-47BA-8131-1B7DAD95FCD3}.Debug|x86.Build.0 = Debug|Any CPU
		{B207E2FB-C20F-47BA-8131-1B7DAD95FCD3}.Release|Any CPU.ActiveCfg = Release|Any CPU
		{B207E2FB-C20F-47BA-8131-1B7DAD95FCD3}.Release|Any CPU.Build.0 = Release|Any CPU
		{B207E2FB-C20F-47BA-8131-1B7DAD95FCD3}.Release|ARM.ActiveCfg = Release|Any CPU
		{B207E2FB-C20F-47BA-8131-1B7DAD95FCD3}.Release|ARM.Build.0 = Release|Any CPU
		{B207E2FB-C20F-47BA-8131-1B7DAD95FCD3}.Release|ARM64.ActiveCfg = Release|Any CPU
		{B207E2FB-C20F-47BA-8131-1B7DAD95FCD3}.Release|ARM64.Build.0 = Release|Any CPU
		{B207E2FB-C20F-47BA-8131-1B7DAD95FCD3}.Release|x64.ActiveCfg = Release|Any CPU
		{B207E2FB-C20F-47BA-8131-1B7DAD95FCD3}.Release|x64.Build.0 = Release|Any CPU
		{B207E2FB-C20F-47BA-8131-1B7DAD95FCD3}.Release|x86.ActiveCfg = Release|Any CPU
		{B207E2FB-C20F-47BA-8131-1B7DAD95FCD3}.Release|x86.Build.0 = Release|Any CPU
		{BA82B67F-A8D5-4153-87EC-431D04CE106B}.Debug|Any CPU.ActiveCfg = Debug|Any CPU
		{BA82B67F-A8D5-4153-87EC-431D04CE106B}.Debug|Any CPU.Build.0 = Debug|Any CPU
		{BA82B67F-A8D5-4153-87EC-431D04CE106B}.Debug|ARM.ActiveCfg = Debug|Any CPU
		{BA82B67F-A8D5-4153-87EC-431D04CE106B}.Debug|ARM.Build.0 = Debug|Any CPU
		{BA82B67F-A8D5-4153-87EC-431D04CE106B}.Debug|ARM64.ActiveCfg = Debug|Any CPU
		{BA82B67F-A8D5-4153-87EC-431D04CE106B}.Debug|ARM64.Build.0 = Debug|Any CPU
		{BA82B67F-A8D5-4153-87EC-431D04CE106B}.Debug|x64.ActiveCfg = Debug|Any CPU
		{BA82B67F-A8D5-4153-87EC-431D04CE106B}.Debug|x64.Build.0 = Debug|Any CPU
		{BA82B67F-A8D5-4153-87EC-431D04CE106B}.Debug|x86.ActiveCfg = Debug|Any CPU
		{BA82B67F-A8D5-4153-87EC-431D04CE106B}.Debug|x86.Build.0 = Debug|Any CPU
		{BA82B67F-A8D5-4153-87EC-431D04CE106B}.Release|Any CPU.ActiveCfg = Release|Any CPU
		{BA82B67F-A8D5-4153-87EC-431D04CE106B}.Release|Any CPU.Build.0 = Release|Any CPU
		{BA82B67F-A8D5-4153-87EC-431D04CE106B}.Release|ARM.ActiveCfg = Release|Any CPU
		{BA82B67F-A8D5-4153-87EC-431D04CE106B}.Release|ARM.Build.0 = Release|Any CPU
		{BA82B67F-A8D5-4153-87EC-431D04CE106B}.Release|ARM64.ActiveCfg = Release|Any CPU
		{BA82B67F-A8D5-4153-87EC-431D04CE106B}.Release|ARM64.Build.0 = Release|Any CPU
		{BA82B67F-A8D5-4153-87EC-431D04CE106B}.Release|x64.ActiveCfg = Release|Any CPU
		{BA82B67F-A8D5-4153-87EC-431D04CE106B}.Release|x64.Build.0 = Release|Any CPU
		{BA82B67F-A8D5-4153-87EC-431D04CE106B}.Release|x86.ActiveCfg = Release|Any CPU
		{BA82B67F-A8D5-4153-87EC-431D04CE106B}.Release|x86.Build.0 = Release|Any CPU
		{EB1C518B-2540-4990-867F-EC92BE7CA5B2}.Debug|Any CPU.ActiveCfg = Debug|Any CPU
		{EB1C518B-2540-4990-867F-EC92BE7CA5B2}.Debug|Any CPU.Build.0 = Debug|Any CPU
		{EB1C518B-2540-4990-867F-EC92BE7CA5B2}.Debug|ARM.ActiveCfg = Debug|Any CPU
		{EB1C518B-2540-4990-867F-EC92BE7CA5B2}.Debug|ARM.Build.0 = Debug|Any CPU
		{EB1C518B-2540-4990-867F-EC92BE7CA5B2}.Debug|ARM64.ActiveCfg = Debug|Any CPU
		{EB1C518B-2540-4990-867F-EC92BE7CA5B2}.Debug|ARM64.Build.0 = Debug|Any CPU
		{EB1C518B-2540-4990-867F-EC92BE7CA5B2}.Debug|x64.ActiveCfg = Debug|Any CPU
		{EB1C518B-2540-4990-867F-EC92BE7CA5B2}.Debug|x64.Build.0 = Debug|Any CPU
		{EB1C518B-2540-4990-867F-EC92BE7CA5B2}.Debug|x86.ActiveCfg = Debug|Any CPU
		{EB1C518B-2540-4990-867F-EC92BE7CA5B2}.Debug|x86.Build.0 = Debug|Any CPU
		{EB1C518B-2540-4990-867F-EC92BE7CA5B2}.Release|Any CPU.ActiveCfg = Release|Any CPU
		{EB1C518B-2540-4990-867F-EC92BE7CA5B2}.Release|Any CPU.Build.0 = Release|Any CPU
		{EB1C518B-2540-4990-867F-EC92BE7CA5B2}.Release|ARM.ActiveCfg = Release|Any CPU
		{EB1C518B-2540-4990-867F-EC92BE7CA5B2}.Release|ARM.Build.0 = Release|Any CPU
		{EB1C518B-2540-4990-867F-EC92BE7CA5B2}.Release|ARM64.ActiveCfg = Release|Any CPU
		{EB1C518B-2540-4990-867F-EC92BE7CA5B2}.Release|ARM64.Build.0 = Release|Any CPU
		{EB1C518B-2540-4990-867F-EC92BE7CA5B2}.Release|x64.ActiveCfg = Release|Any CPU
		{EB1C518B-2540-4990-867F-EC92BE7CA5B2}.Release|x64.Build.0 = Release|Any CPU
		{EB1C518B-2540-4990-867F-EC92BE7CA5B2}.Release|x86.ActiveCfg = Release|Any CPU
		{EB1C518B-2540-4990-867F-EC92BE7CA5B2}.Release|x86.Build.0 = Release|Any CPU
		{94CFE6BA-CEEA-4438-926F-0F84BAA1150B}.Debug|Any CPU.ActiveCfg = Debug|Any CPU
		{94CFE6BA-CEEA-4438-926F-0F84BAA1150B}.Debug|Any CPU.Build.0 = Debug|Any CPU
		{94CFE6BA-CEEA-4438-926F-0F84BAA1150B}.Debug|ARM.ActiveCfg = Debug|Any CPU
		{94CFE6BA-CEEA-4438-926F-0F84BAA1150B}.Debug|ARM.Build.0 = Debug|Any CPU
		{94CFE6BA-CEEA-4438-926F-0F84BAA1150B}.Debug|ARM64.ActiveCfg = Debug|Any CPU
		{94CFE6BA-CEEA-4438-926F-0F84BAA1150B}.Debug|ARM64.Build.0 = Debug|Any CPU
		{94CFE6BA-CEEA-4438-926F-0F84BAA1150B}.Debug|x64.ActiveCfg = Debug|Any CPU
		{94CFE6BA-CEEA-4438-926F-0F84BAA1150B}.Debug|x64.Build.0 = Debug|Any CPU
		{94CFE6BA-CEEA-4438-926F-0F84BAA1150B}.Debug|x86.ActiveCfg = Debug|Any CPU
		{94CFE6BA-CEEA-4438-926F-0F84BAA1150B}.Debug|x86.Build.0 = Debug|Any CPU
		{94CFE6BA-CEEA-4438-926F-0F84BAA1150B}.Release|Any CPU.ActiveCfg = Release|Any CPU
		{94CFE6BA-CEEA-4438-926F-0F84BAA1150B}.Release|Any CPU.Build.0 = Release|Any CPU
		{94CFE6BA-CEEA-4438-926F-0F84BAA1150B}.Release|ARM.ActiveCfg = Release|Any CPU
		{94CFE6BA-CEEA-4438-926F-0F84BAA1150B}.Release|ARM.Build.0 = Release|Any CPU
		{94CFE6BA-CEEA-4438-926F-0F84BAA1150B}.Release|ARM64.ActiveCfg = Release|Any CPU
		{94CFE6BA-CEEA-4438-926F-0F84BAA1150B}.Release|ARM64.Build.0 = Release|Any CPU
		{94CFE6BA-CEEA-4438-926F-0F84BAA1150B}.Release|x64.ActiveCfg = Release|Any CPU
		{94CFE6BA-CEEA-4438-926F-0F84BAA1150B}.Release|x64.Build.0 = Release|Any CPU
		{94CFE6BA-CEEA-4438-926F-0F84BAA1150B}.Release|x86.ActiveCfg = Release|Any CPU
		{94CFE6BA-CEEA-4438-926F-0F84BAA1150B}.Release|x86.Build.0 = Release|Any CPU
		{FBD2F5AC-18EE-48C1-8562-BF0EB36DA433}.Debug|Any CPU.ActiveCfg = Debug|Any CPU
		{FBD2F5AC-18EE-48C1-8562-BF0EB36DA433}.Debug|Any CPU.Build.0 = Debug|Any CPU
		{FBD2F5AC-18EE-48C1-8562-BF0EB36DA433}.Debug|ARM.ActiveCfg = Debug|Any CPU
		{FBD2F5AC-18EE-48C1-8562-BF0EB36DA433}.Debug|ARM.Build.0 = Debug|Any CPU
		{FBD2F5AC-18EE-48C1-8562-BF0EB36DA433}.Debug|ARM64.ActiveCfg = Debug|Any CPU
		{FBD2F5AC-18EE-48C1-8562-BF0EB36DA433}.Debug|ARM64.Build.0 = Debug|Any CPU
		{FBD2F5AC-18EE-48C1-8562-BF0EB36DA433}.Debug|x64.ActiveCfg = Debug|Any CPU
		{FBD2F5AC-18EE-48C1-8562-BF0EB36DA433}.Debug|x64.Build.0 = Debug|Any CPU
		{FBD2F5AC-18EE-48C1-8562-BF0EB36DA433}.Debug|x86.ActiveCfg = Debug|Any CPU
		{FBD2F5AC-18EE-48C1-8562-BF0EB36DA433}.Debug|x86.Build.0 = Debug|Any CPU
		{FBD2F5AC-18EE-48C1-8562-BF0EB36DA433}.Release|Any CPU.ActiveCfg = Release|Any CPU
		{FBD2F5AC-18EE-48C1-8562-BF0EB36DA433}.Release|Any CPU.Build.0 = Release|Any CPU
		{FBD2F5AC-18EE-48C1-8562-BF0EB36DA433}.Release|ARM.ActiveCfg = Release|Any CPU
		{FBD2F5AC-18EE-48C1-8562-BF0EB36DA433}.Release|ARM.Build.0 = Release|Any CPU
		{FBD2F5AC-18EE-48C1-8562-BF0EB36DA433}.Release|ARM64.ActiveCfg = Release|Any CPU
		{FBD2F5AC-18EE-48C1-8562-BF0EB36DA433}.Release|ARM64.Build.0 = Release|Any CPU
		{FBD2F5AC-18EE-48C1-8562-BF0EB36DA433}.Release|x64.ActiveCfg = Release|Any CPU
		{FBD2F5AC-18EE-48C1-8562-BF0EB36DA433}.Release|x64.Build.0 = Release|Any CPU
		{FBD2F5AC-18EE-48C1-8562-BF0EB36DA433}.Release|x86.ActiveCfg = Release|Any CPU
		{FBD2F5AC-18EE-48C1-8562-BF0EB36DA433}.Release|x86.Build.0 = Release|Any CPU
	EndGlobalSection
	GlobalSection(SolutionProperties) = preSolution
		HideSolutionNode = FALSE
	EndGlobalSection
	GlobalSection(ExtensibilityGlobals) = postSolution
		SolutionGuid = {33A06D76-EB8E-4BC1-8F5E-F8C022238D9E}
	EndGlobalSection
EndGlobal
