
Microsoft Visual Studio Solution File, Format Version 12.00
# Visual Studio Version 16
VisualStudioVersion = 16.0.28803.352
MinimumVisualStudioVersion = 10.0.40219.1
Project("{FAE04EC0-301F-11D3-BF4B-00C04F79EFBC}") = "01.Basic Stack Operations", "01.Basic_Stack_Operations\01.Basic Stack Operations.csproj", "{A55C9BCD-2CCE-45A5-A21D-37EA7FFF4EF5}"
EndProject
Project("{FAE04EC0-301F-11D3-BF4B-00C04F79EFBC}") = "02. Basic Queue Operations", "02. Basic Queue Operations\02. Basic Queue Operations.csproj", "{FC5F70A0-7DA1-4BA3-8A0C-833823BC39F9}"
EndProject
Project("{FAE04EC0-301F-11D3-BF4B-00C04F79EFBC}") = "03. Maximum and Minimum Element", "03. Maximum and Minimum Element\03. Maximum and Minimum Element.csproj", "{74EC4CBD-396D-4DE1-A4BC-94AE2E2E9FDA}"
EndProject
Project("{FAE04EC0-301F-11D3-BF4B-00C04F79EFBC}") = "04. Fast Food", "04. Fast Food\04. Fast Food.csproj", "{D2EBDDDE-7851-4A90-A9E8-9E556CEEC606}"
EndProject
Project("{FAE04EC0-301F-11D3-BF4B-00C04F79EFBC}") = "05.Fashion Boutique", "05.Fashion Boutique\05.Fashion Boutique.csproj", "{9EFEC3B5-DC93-4B7D-9177-D3C9DC27910B}"
EndProject
Project("{FAE04EC0-301F-11D3-BF4B-00C04F79EFBC}") = "06.Auto Repair and Service", "06.Auto Repair and Service\06.Auto Repair and Service.csproj", "{4E0C5708-E8C2-484A-85FD-155BEB33B348}"
EndProject
Project("{FAE04EC0-301F-11D3-BF4B-00C04F79EFBC}") = "07.Truck Tour", "07.Truck Tour\07.Truck Tour.csproj", "{BEBB682F-3B35-4196-B66C-202757015070}"
EndProject
Global
	GlobalSection(SolutionConfigurationPlatforms) = preSolution
		Debug|Any CPU = Debug|Any CPU
		Release|Any CPU = Release|Any CPU
	EndGlobalSection
	GlobalSection(ProjectConfigurationPlatforms) = postSolution
		{A55C9BCD-2CCE-45A5-A21D-37EA7FFF4EF5}.Debug|Any CPU.ActiveCfg = Debug|Any CPU
		{A55C9BCD-2CCE-45A5-A21D-37EA7FFF4EF5}.Debug|Any CPU.Build.0 = Debug|Any CPU
		{A55C9BCD-2CCE-45A5-A21D-37EA7FFF4EF5}.Release|Any CPU.ActiveCfg = Release|Any CPU
		{A55C9BCD-2CCE-45A5-A21D-37EA7FFF4EF5}.Release|Any CPU.Build.0 = Release|Any CPU
		{FC5F70A0-7DA1-4BA3-8A0C-833823BC39F9}.Debug|Any CPU.ActiveCfg = Debug|Any CPU
		{FC5F70A0-7DA1-4BA3-8A0C-833823BC39F9}.Debug|Any CPU.Build.0 = Debug|Any CPU
		{FC5F70A0-7DA1-4BA3-8A0C-833823BC39F9}.Release|Any CPU.ActiveCfg = Release|Any CPU
		{FC5F70A0-7DA1-4BA3-8A0C-833823BC39F9}.Release|Any CPU.Build.0 = Release|Any CPU
		{74EC4CBD-396D-4DE1-A4BC-94AE2E2E9FDA}.Debug|Any CPU.ActiveCfg = Debug|Any CPU
		{74EC4CBD-396D-4DE1-A4BC-94AE2E2E9FDA}.Debug|Any CPU.Build.0 = Debug|Any CPU
		{74EC4CBD-396D-4DE1-A4BC-94AE2E2E9FDA}.Release|Any CPU.ActiveCfg = Release|Any CPU
		{74EC4CBD-396D-4DE1-A4BC-94AE2E2E9FDA}.Release|Any CPU.Build.0 = Release|Any CPU
		{D2EBDDDE-7851-4A90-A9E8-9E556CEEC606}.Debug|Any CPU.ActiveCfg = Debug|Any CPU
		{D2EBDDDE-7851-4A90-A9E8-9E556CEEC606}.Debug|Any CPU.Build.0 = Debug|Any CPU
		{D2EBDDDE-7851-4A90-A9E8-9E556CEEC606}.Release|Any CPU.ActiveCfg = Release|Any CPU
		{D2EBDDDE-7851-4A90-A9E8-9E556CEEC606}.Release|Any CPU.Build.0 = Release|Any CPU
		{9EFEC3B5-DC93-4B7D-9177-D3C9DC27910B}.Debug|Any CPU.ActiveCfg = Debug|Any CPU
		{9EFEC3B5-DC93-4B7D-9177-D3C9DC27910B}.Debug|Any CPU.Build.0 = Debug|Any CPU
		{9EFEC3B5-DC93-4B7D-9177-D3C9DC27910B}.Release|Any CPU.ActiveCfg = Release|Any CPU
		{9EFEC3B5-DC93-4B7D-9177-D3C9DC27910B}.Release|Any CPU.Build.0 = Release|Any CPU
		{4E0C5708-E8C2-484A-85FD-155BEB33B348}.Debug|Any CPU.ActiveCfg = Debug|Any CPU
		{4E0C5708-E8C2-484A-85FD-155BEB33B348}.Debug|Any CPU.Build.0 = Debug|Any CPU
		{4E0C5708-E8C2-484A-85FD-155BEB33B348}.Release|Any CPU.ActiveCfg = Release|Any CPU
		{4E0C5708-E8C2-484A-85FD-155BEB33B348}.Release|Any CPU.Build.0 = Release|Any CPU
		{BEBB682F-3B35-4196-B66C-202757015070}.Debug|Any CPU.ActiveCfg = Debug|Any CPU
		{BEBB682F-3B35-4196-B66C-202757015070}.Debug|Any CPU.Build.0 = Debug|Any CPU
		{BEBB682F-3B35-4196-B66C-202757015070}.Release|Any CPU.ActiveCfg = Release|Any CPU
		{BEBB682F-3B35-4196-B66C-202757015070}.Release|Any CPU.Build.0 = Release|Any CPU
	EndGlobalSection
	GlobalSection(SolutionProperties) = preSolution
		HideSolutionNode = FALSE
	EndGlobalSection
	GlobalSection(ExtensibilityGlobals) = postSolution
		SolutionGuid = {BBCBD188-54F8-4964-A026-C1635DB95BCA}
	EndGlobalSection
EndGlobal
