
Microsoft Visual Studio Solution File, Format Version 12.00
# Visual Studio Version 16
VisualStudioVersion = 16.0.28803.352
MinimumVisualStudioVersion = 10.0.40219.1
Project("{FAE04EC0-301F-11D3-BF4B-00C04F79EFBC}") = "01.Single Inheritance", "01.Single Inheritance\01.Single Inheritance.csproj", "{21465803-0E3C-41A4-8FB3-7F65529659DE}"
EndProject
Project("{FAE04EC0-301F-11D3-BF4B-00C04F79EFBC}") = "02. Multiple Inheritance", "02. Multiple Inheritance\02. Multiple Inheritance.csproj", "{366A9AA7-BB80-4FAD-A86B-1FAEE78A911C}"
EndProject
Project("{FAE04EC0-301F-11D3-BF4B-00C04F79EFBC}") = "03. Hierarchical Inheritance", "03. Hierarchical Inheritance\03. Hierarchical Inheritance.csproj", "{7A78B782-592E-4FD9-BA7A-4D857073F12A}"
EndProject
Project("{FAE04EC0-301F-11D3-BF4B-00C04F79EFBC}") = "04. Random List", "04. Random List\04. Random List.csproj", "{AFF7433D-3797-40EB-B42B-D3C6A9427AC2}"
EndProject
Project("{FAE04EC0-301F-11D3-BF4B-00C04F79EFBC}") = "05. Stack of Strings", "05. Stack of Strings\05. Stack of Strings.csproj", "{057DBD88-87A1-4873-A791-F01E1784525C}"
EndProject
Global
	GlobalSection(SolutionConfigurationPlatforms) = preSolution
		Debug|Any CPU = Debug|Any CPU
		Release|Any CPU = Release|Any CPU
	EndGlobalSection
	GlobalSection(ProjectConfigurationPlatforms) = postSolution
		{21465803-0E3C-41A4-8FB3-7F65529659DE}.Debug|Any CPU.ActiveCfg = Debug|Any CPU
		{21465803-0E3C-41A4-8FB3-7F65529659DE}.Debug|Any CPU.Build.0 = Debug|Any CPU
		{21465803-0E3C-41A4-8FB3-7F65529659DE}.Release|Any CPU.ActiveCfg = Release|Any CPU
		{21465803-0E3C-41A4-8FB3-7F65529659DE}.Release|Any CPU.Build.0 = Release|Any CPU
		{366A9AA7-BB80-4FAD-A86B-1FAEE78A911C}.Debug|Any CPU.ActiveCfg = Debug|Any CPU
		{366A9AA7-BB80-4FAD-A86B-1FAEE78A911C}.Debug|Any CPU.Build.0 = Debug|Any CPU
		{366A9AA7-BB80-4FAD-A86B-1FAEE78A911C}.Release|Any CPU.ActiveCfg = Release|Any CPU
		{366A9AA7-BB80-4FAD-A86B-1FAEE78A911C}.Release|Any CPU.Build.0 = Release|Any CPU
		{7A78B782-592E-4FD9-BA7A-4D857073F12A}.Debug|Any CPU.ActiveCfg = Debug|Any CPU
		{7A78B782-592E-4FD9-BA7A-4D857073F12A}.Debug|Any CPU.Build.0 = Debug|Any CPU
		{7A78B782-592E-4FD9-BA7A-4D857073F12A}.Release|Any CPU.ActiveCfg = Release|Any CPU
		{7A78B782-592E-4FD9-BA7A-4D857073F12A}.Release|Any CPU.Build.0 = Release|Any CPU
		{AFF7433D-3797-40EB-B42B-D3C6A9427AC2}.Debug|Any CPU.ActiveCfg = Debug|Any CPU
		{AFF7433D-3797-40EB-B42B-D3C6A9427AC2}.Debug|Any CPU.Build.0 = Debug|Any CPU
		{AFF7433D-3797-40EB-B42B-D3C6A9427AC2}.Release|Any CPU.ActiveCfg = Release|Any CPU
		{AFF7433D-3797-40EB-B42B-D3C6A9427AC2}.Release|Any CPU.Build.0 = Release|Any CPU
		{057DBD88-87A1-4873-A791-F01E1784525C}.Debug|Any CPU.ActiveCfg = Debug|Any CPU
		{057DBD88-87A1-4873-A791-F01E1784525C}.Debug|Any CPU.Build.0 = Debug|Any CPU
		{057DBD88-87A1-4873-A791-F01E1784525C}.Release|Any CPU.ActiveCfg = Release|Any CPU
		{057DBD88-87A1-4873-A791-F01E1784525C}.Release|Any CPU.Build.0 = Release|Any CPU
	EndGlobalSection
	GlobalSection(SolutionProperties) = preSolution
		HideSolutionNode = FALSE
	EndGlobalSection
	GlobalSection(ExtensibilityGlobals) = postSolution
		SolutionGuid = {0D9F41EC-E67E-4B65-BFC9-569762BA4957}
	EndGlobalSection
EndGlobal
