
Microsoft Visual Studio Solution File, Format Version 12.00
# Visual Studio Version 16
VisualStudioVersion = 16.0.28803.352
MinimumVisualStudioVersion = 10.0.40219.1
Project("{9A19103F-16F7-4668-BE54-9A1E7A4F7556}") = "Day_0_Hello_World", "Day_0_Hello_World\Day_0_Hello_World.csproj", "{C7E30B55-9818-48E6-8CD2-AEDEACBAC771}"
EndProject
Project("{9A19103F-16F7-4668-BE54-9A1E7A4F7556}") = "Day_01_Data_Types", "Day_1_Data_Types\Day_01_Data_Types.csproj", "{A7AD0E1C-29D5-4935-BFF9-5A6A20D9C3C2}"
EndProject
Project("{9A19103F-16F7-4668-BE54-9A1E7A4F7556}") = "Day_02_Operators", "Day_2_Operators\Day_02_Operators.csproj", "{94B52CF1-C1D4-48FE-B98E-FA593EE31F05}"
EndProject
Project("{9A19103F-16F7-4668-BE54-9A1E7A4F7556}") = "Day_03_Conditional_Statements", "Day_3_Conditional_Statements\Day_03_Conditional_Statements.csproj", "{B606D88F-5F0A-44D8-88D2-762651F3666D}"
EndProject
Project("{9A19103F-16F7-4668-BE54-9A1E7A4F7556}") = "Day_04_Class_VS_Instance", "Day_4_Class_VS_Instance\Day_04_Class_VS_Instance.csproj", "{2DA88CF6-9067-4D4A-AC73-DAD823AD1F7F}"
EndProject
Project("{9A19103F-16F7-4668-BE54-9A1E7A4F7556}") = "Day_05_Loops", "Day_5_Loops\Day_05_Loops.csproj", "{31B35CC1-778E-4A9C-8771-A141FCAA3114}"
EndProject
Project("{9A19103F-16F7-4668-BE54-9A1E7A4F7556}") = "Day_06_Let's_Review", "Day_6_Let's_Review\Day_06_Let's_Review.csproj", "{C31DEAA0-A512-43D8-869A-9673D20FA001}"
EndProject
Project("{9A19103F-16F7-4668-BE54-9A1E7A4F7556}") = "Day_07_Arrays", "Day_7_Arrays\Day_07_Arrays.csproj", "{B1B3D9AF-5706-4D74-8088-36992095E1E3}"
EndProject
Project("{9A19103F-16F7-4668-BE54-9A1E7A4F7556}") = "Day_08_Dictionaries_and_Maps", "Day_8_Dictionaries_and_Maps\Day_08_Dictionaries_and_Maps.csproj", "{F605AF7A-0240-4700-851D-73B1C608BCB2}"
EndProject
Project("{9A19103F-16F7-4668-BE54-9A1E7A4F7556}") = "Day_09_Recursion", "Day_9_Recursion\Day_09_Recursion.csproj", "{C0ECAE04-2DA2-4603-8E20-19E1AF111A24}"
EndProject
Project("{9A19103F-16F7-4668-BE54-9A1E7A4F7556}") = "Day_10_Binary_Numbers", "Day_10_Binary_Numbers\Day_10_Binary_Numbers.csproj", "{C0865B18-FD53-454C-A4FA-52BCCE0E2359}"
EndProject
Project("{9A19103F-16F7-4668-BE54-9A1E7A4F7556}") = "Day_11_2D_Arrays", "Day_12_Inheritance\Day_11_2D_Arrays.csproj", "{0FEDD01E-15EA-41B4-9268-F1AFB5D6C01A}"
EndProject
Project("{9A19103F-16F7-4668-BE54-9A1E7A4F7556}") = "Day_12_Inheritancе", "Day_12_Inheritancе\Day_12_Inheritancе.csproj", "{6F4B7CE9-6893-4816-89E1-0818FCD67958}"
EndProject
Project("{9A19103F-16F7-4668-BE54-9A1E7A4F7556}") = "Day_13_Abstract_Classes", "Day_13_Abstract_Classes\Day_13_Abstract_Classes.csproj", "{ED02F75A-59F4-45B1-8E6A-AC6F4AFB7D63}"
EndProject
Project("{9A19103F-16F7-4668-BE54-9A1E7A4F7556}") = "Day_14_Scope", "Day_14_Scope\Day_14_Scope.csproj", "{45BC64EC-D590-43AF-929C-8C6B7997DF45}"
EndProject
Project("{9A19103F-16F7-4668-BE54-9A1E7A4F7556}") = "Day_15_Linked_List", "Day_15_Linked_List\Day_15_Linked_List.csproj", "{BB31F2D6-8F4E-4D3A-83AB-91BF91842049}"
EndProject
Project("{9A19103F-16F7-4668-BE54-9A1E7A4F7556}") = "Day_16_Exceptions", "Day_16_Exceptions\Day_16_Exceptions.csproj", "{5E1E8299-D78F-432E-A9DD-01E2C5497135}"
EndProject
Project("{9A19103F-16F7-4668-BE54-9A1E7A4F7556}") = "Day_17_More_Exceptions", "Day_17_More_Exeptions\Day_17_More_Exceptions.csproj", "{B0A212B0-13FB-449B-A93A-30294A3382B3}"
EndProject
Project("{9A19103F-16F7-4668-BE54-9A1E7A4F7556}") = "Day_18_Queues_and_Stacks", "Day_18_Queues_and_Stacks\Day_18_Queues_and_Stacks.csproj", "{C7D3FC6C-4529-43CC-AC3A-14EA8497776C}"
EndProject
Project("{9A19103F-16F7-4668-BE54-9A1E7A4F7556}") = "Day_19_Interfaces", "Day_19_Interfaces\Day_19_Interfaces.csproj", "{77CB2047-469A-4121-B5F7-C93959D7A96D}"
EndProject
Project("{9A19103F-16F7-4668-BE54-9A1E7A4F7556}") = "Day_20_Sorting", "Day_20_Sorting\Day_20_Sorting.csproj", "{5C4514FB-52FB-4C98-81AB-A891FF46EADF}"
EndProject
Project("{9A19103F-16F7-4668-BE54-9A1E7A4F7556}") = "Day_21_Generics", "Day_21_Generics\Day_21_Generics.csproj", "{9ACDF9B1-56FA-4612-8C5A-6B72F7CFBA9A}"
EndProject
Project("{FAE04EC0-301F-11D3-BF4B-00C04F79EFBC}") = "Day_22_Binary_Search_Tree", "Day_22_Binary_Search_Tree\Day_22_Binary_Search_Tree.csproj", "{7180A2E3-4352-401B-803A-3AB6E6F48F31}"
EndProject
Global
	GlobalSection(SolutionConfigurationPlatforms) = preSolution
		Debug|Any CPU = Debug|Any CPU
		Release|Any CPU = Release|Any CPU
	EndGlobalSection
	GlobalSection(ProjectConfigurationPlatforms) = postSolution
		{C7E30B55-9818-48E6-8CD2-AEDEACBAC771}.Debug|Any CPU.ActiveCfg = Debug|Any CPU
		{C7E30B55-9818-48E6-8CD2-AEDEACBAC771}.Debug|Any CPU.Build.0 = Debug|Any CPU
		{C7E30B55-9818-48E6-8CD2-AEDEACBAC771}.Release|Any CPU.ActiveCfg = Release|Any CPU
		{C7E30B55-9818-48E6-8CD2-AEDEACBAC771}.Release|Any CPU.Build.0 = Release|Any CPU
		{A7AD0E1C-29D5-4935-BFF9-5A6A20D9C3C2}.Debug|Any CPU.ActiveCfg = Debug|Any CPU
		{A7AD0E1C-29D5-4935-BFF9-5A6A20D9C3C2}.Debug|Any CPU.Build.0 = Debug|Any CPU
		{A7AD0E1C-29D5-4935-BFF9-5A6A20D9C3C2}.Release|Any CPU.ActiveCfg = Release|Any CPU
		{A7AD0E1C-29D5-4935-BFF9-5A6A20D9C3C2}.Release|Any CPU.Build.0 = Release|Any CPU
		{94B52CF1-C1D4-48FE-B98E-FA593EE31F05}.Debug|Any CPU.ActiveCfg = Debug|Any CPU
		{94B52CF1-C1D4-48FE-B98E-FA593EE31F05}.Debug|Any CPU.Build.0 = Debug|Any CPU
		{94B52CF1-C1D4-48FE-B98E-FA593EE31F05}.Release|Any CPU.ActiveCfg = Release|Any CPU
		{94B52CF1-C1D4-48FE-B98E-FA593EE31F05}.Release|Any CPU.Build.0 = Release|Any CPU
		{B606D88F-5F0A-44D8-88D2-762651F3666D}.Debug|Any CPU.ActiveCfg = Debug|Any CPU
		{B606D88F-5F0A-44D8-88D2-762651F3666D}.Debug|Any CPU.Build.0 = Debug|Any CPU
		{B606D88F-5F0A-44D8-88D2-762651F3666D}.Release|Any CPU.ActiveCfg = Release|Any CPU
		{B606D88F-5F0A-44D8-88D2-762651F3666D}.Release|Any CPU.Build.0 = Release|Any CPU
		{2DA88CF6-9067-4D4A-AC73-DAD823AD1F7F}.Debug|Any CPU.ActiveCfg = Debug|Any CPU
		{2DA88CF6-9067-4D4A-AC73-DAD823AD1F7F}.Debug|Any CPU.Build.0 = Debug|Any CPU
		{2DA88CF6-9067-4D4A-AC73-DAD823AD1F7F}.Release|Any CPU.ActiveCfg = Release|Any CPU
		{2DA88CF6-9067-4D4A-AC73-DAD823AD1F7F}.Release|Any CPU.Build.0 = Release|Any CPU
		{31B35CC1-778E-4A9C-8771-A141FCAA3114}.Debug|Any CPU.ActiveCfg = Debug|Any CPU
		{31B35CC1-778E-4A9C-8771-A141FCAA3114}.Debug|Any CPU.Build.0 = Debug|Any CPU
		{31B35CC1-778E-4A9C-8771-A141FCAA3114}.Release|Any CPU.ActiveCfg = Release|Any CPU
		{31B35CC1-778E-4A9C-8771-A141FCAA3114}.Release|Any CPU.Build.0 = Release|Any CPU
		{C31DEAA0-A512-43D8-869A-9673D20FA001}.Debug|Any CPU.ActiveCfg = Debug|Any CPU
		{C31DEAA0-A512-43D8-869A-9673D20FA001}.Debug|Any CPU.Build.0 = Debug|Any CPU
		{C31DEAA0-A512-43D8-869A-9673D20FA001}.Release|Any CPU.ActiveCfg = Release|Any CPU
		{C31DEAA0-A512-43D8-869A-9673D20FA001}.Release|Any CPU.Build.0 = Release|Any CPU
		{B1B3D9AF-5706-4D74-8088-36992095E1E3}.Debug|Any CPU.ActiveCfg = Debug|Any CPU
		{B1B3D9AF-5706-4D74-8088-36992095E1E3}.Debug|Any CPU.Build.0 = Debug|Any CPU
		{B1B3D9AF-5706-4D74-8088-36992095E1E3}.Release|Any CPU.ActiveCfg = Release|Any CPU
		{B1B3D9AF-5706-4D74-8088-36992095E1E3}.Release|Any CPU.Build.0 = Release|Any CPU
		{F605AF7A-0240-4700-851D-73B1C608BCB2}.Debug|Any CPU.ActiveCfg = Debug|Any CPU
		{F605AF7A-0240-4700-851D-73B1C608BCB2}.Debug|Any CPU.Build.0 = Debug|Any CPU
		{F605AF7A-0240-4700-851D-73B1C608BCB2}.Release|Any CPU.ActiveCfg = Release|Any CPU
		{F605AF7A-0240-4700-851D-73B1C608BCB2}.Release|Any CPU.Build.0 = Release|Any CPU
		{C0ECAE04-2DA2-4603-8E20-19E1AF111A24}.Debug|Any CPU.ActiveCfg = Debug|Any CPU
		{C0ECAE04-2DA2-4603-8E20-19E1AF111A24}.Debug|Any CPU.Build.0 = Debug|Any CPU
		{C0ECAE04-2DA2-4603-8E20-19E1AF111A24}.Release|Any CPU.ActiveCfg = Release|Any CPU
		{C0ECAE04-2DA2-4603-8E20-19E1AF111A24}.Release|Any CPU.Build.0 = Release|Any CPU
		{C0865B18-FD53-454C-A4FA-52BCCE0E2359}.Debug|Any CPU.ActiveCfg = Debug|Any CPU
		{C0865B18-FD53-454C-A4FA-52BCCE0E2359}.Debug|Any CPU.Build.0 = Debug|Any CPU
		{C0865B18-FD53-454C-A4FA-52BCCE0E2359}.Release|Any CPU.ActiveCfg = Release|Any CPU
		{C0865B18-FD53-454C-A4FA-52BCCE0E2359}.Release|Any CPU.Build.0 = Release|Any CPU
		{0FEDD01E-15EA-41B4-9268-F1AFB5D6C01A}.Debug|Any CPU.ActiveCfg = Debug|Any CPU
		{0FEDD01E-15EA-41B4-9268-F1AFB5D6C01A}.Debug|Any CPU.Build.0 = Debug|Any CPU
		{0FEDD01E-15EA-41B4-9268-F1AFB5D6C01A}.Release|Any CPU.ActiveCfg = Release|Any CPU
		{0FEDD01E-15EA-41B4-9268-F1AFB5D6C01A}.Release|Any CPU.Build.0 = Release|Any CPU
		{6F4B7CE9-6893-4816-89E1-0818FCD67958}.Debug|Any CPU.ActiveCfg = Debug|Any CPU
		{6F4B7CE9-6893-4816-89E1-0818FCD67958}.Debug|Any CPU.Build.0 = Debug|Any CPU
		{6F4B7CE9-6893-4816-89E1-0818FCD67958}.Release|Any CPU.ActiveCfg = Release|Any CPU
		{6F4B7CE9-6893-4816-89E1-0818FCD67958}.Release|Any CPU.Build.0 = Release|Any CPU
		{ED02F75A-59F4-45B1-8E6A-AC6F4AFB7D63}.Debug|Any CPU.ActiveCfg = Debug|Any CPU
		{ED02F75A-59F4-45B1-8E6A-AC6F4AFB7D63}.Debug|Any CPU.Build.0 = Debug|Any CPU
		{ED02F75A-59F4-45B1-8E6A-AC6F4AFB7D63}.Release|Any CPU.ActiveCfg = Release|Any CPU
		{ED02F75A-59F4-45B1-8E6A-AC6F4AFB7D63}.Release|Any CPU.Build.0 = Release|Any CPU
		{45BC64EC-D590-43AF-929C-8C6B7997DF45}.Debug|Any CPU.ActiveCfg = Debug|Any CPU
		{45BC64EC-D590-43AF-929C-8C6B7997DF45}.Debug|Any CPU.Build.0 = Debug|Any CPU
		{45BC64EC-D590-43AF-929C-8C6B7997DF45}.Release|Any CPU.ActiveCfg = Release|Any CPU
		{45BC64EC-D590-43AF-929C-8C6B7997DF45}.Release|Any CPU.Build.0 = Release|Any CPU
		{BB31F2D6-8F4E-4D3A-83AB-91BF91842049}.Debug|Any CPU.ActiveCfg = Debug|Any CPU
		{BB31F2D6-8F4E-4D3A-83AB-91BF91842049}.Debug|Any CPU.Build.0 = Debug|Any CPU
		{BB31F2D6-8F4E-4D3A-83AB-91BF91842049}.Release|Any CPU.ActiveCfg = Release|Any CPU
		{BB31F2D6-8F4E-4D3A-83AB-91BF91842049}.Release|Any CPU.Build.0 = Release|Any CPU
		{5E1E8299-D78F-432E-A9DD-01E2C5497135}.Debug|Any CPU.ActiveCfg = Debug|Any CPU
		{5E1E8299-D78F-432E-A9DD-01E2C5497135}.Debug|Any CPU.Build.0 = Debug|Any CPU
		{5E1E8299-D78F-432E-A9DD-01E2C5497135}.Release|Any CPU.ActiveCfg = Release|Any CPU
		{5E1E8299-D78F-432E-A9DD-01E2C5497135}.Release|Any CPU.Build.0 = Release|Any CPU
		{B0A212B0-13FB-449B-A93A-30294A3382B3}.Debug|Any CPU.ActiveCfg = Debug|Any CPU
		{B0A212B0-13FB-449B-A93A-30294A3382B3}.Debug|Any CPU.Build.0 = Debug|Any CPU
		{B0A212B0-13FB-449B-A93A-30294A3382B3}.Release|Any CPU.ActiveCfg = Release|Any CPU
		{B0A212B0-13FB-449B-A93A-30294A3382B3}.Release|Any CPU.Build.0 = Release|Any CPU
		{C7D3FC6C-4529-43CC-AC3A-14EA8497776C}.Debug|Any CPU.ActiveCfg = Debug|Any CPU
		{C7D3FC6C-4529-43CC-AC3A-14EA8497776C}.Debug|Any CPU.Build.0 = Debug|Any CPU
		{C7D3FC6C-4529-43CC-AC3A-14EA8497776C}.Release|Any CPU.ActiveCfg = Release|Any CPU
		{C7D3FC6C-4529-43CC-AC3A-14EA8497776C}.Release|Any CPU.Build.0 = Release|Any CPU
		{77CB2047-469A-4121-B5F7-C93959D7A96D}.Debug|Any CPU.ActiveCfg = Debug|Any CPU
		{77CB2047-469A-4121-B5F7-C93959D7A96D}.Debug|Any CPU.Build.0 = Debug|Any CPU
		{77CB2047-469A-4121-B5F7-C93959D7A96D}.Release|Any CPU.ActiveCfg = Release|Any CPU
		{77CB2047-469A-4121-B5F7-C93959D7A96D}.Release|Any CPU.Build.0 = Release|Any CPU
		{5C4514FB-52FB-4C98-81AB-A891FF46EADF}.Debug|Any CPU.ActiveCfg = Debug|Any CPU
		{5C4514FB-52FB-4C98-81AB-A891FF46EADF}.Debug|Any CPU.Build.0 = Debug|Any CPU
		{5C4514FB-52FB-4C98-81AB-A891FF46EADF}.Release|Any CPU.ActiveCfg = Release|Any CPU
		{5C4514FB-52FB-4C98-81AB-A891FF46EADF}.Release|Any CPU.Build.0 = Release|Any CPU
		{9ACDF9B1-56FA-4612-8C5A-6B72F7CFBA9A}.Debug|Any CPU.ActiveCfg = Debug|Any CPU
		{9ACDF9B1-56FA-4612-8C5A-6B72F7CFBA9A}.Debug|Any CPU.Build.0 = Debug|Any CPU
		{9ACDF9B1-56FA-4612-8C5A-6B72F7CFBA9A}.Release|Any CPU.ActiveCfg = Release|Any CPU
		{9ACDF9B1-56FA-4612-8C5A-6B72F7CFBA9A}.Release|Any CPU.Build.0 = Release|Any CPU
		{7180A2E3-4352-401B-803A-3AB6E6F48F31}.Debug|Any CPU.ActiveCfg = Debug|Any CPU
		{7180A2E3-4352-401B-803A-3AB6E6F48F31}.Debug|Any CPU.Build.0 = Debug|Any CPU
		{7180A2E3-4352-401B-803A-3AB6E6F48F31}.Release|Any CPU.ActiveCfg = Release|Any CPU
		{7180A2E3-4352-401B-803A-3AB6E6F48F31}.Release|Any CPU.Build.0 = Release|Any CPU
	EndGlobalSection
	GlobalSection(SolutionProperties) = preSolution
		HideSolutionNode = FALSE
	EndGlobalSection
	GlobalSection(ExtensibilityGlobals) = postSolution
		SolutionGuid = {1130ABED-E695-4131-9858-2E7625667391}
	EndGlobalSection
EndGlobal
