
Microsoft Visual Studio Solution File, Format Version 12.00
# Visual Studio 15
VisualStudioVersion = 15.0.28307.539
MinimumVisualStudioVersion = 10.0.40219.1
Project("{FAE04EC0-301F-11D3-BF4B-00C04F79EFBC}") = "01.Concert", "01.Concert\01.Concert.csproj", "{9532C477-B209-4D7C-B35B-6FDEF4ACDE36}"
EndProject
Project("{FAE04EC0-301F-11D3-BF4B-00C04F79EFBC}") = "02.Song Encryption", "02.Song Encryption\02.Song Encryption.csproj", "{87B3395F-A353-4B0E-83CF-419FC636312E}"
EndProject
Global
	GlobalSection(SolutionConfigurationPlatforms) = preSolution
		Debug|Any CPU = Debug|Any CPU
		Release|Any CPU = Release|Any CPU
	EndGlobalSection
	GlobalSection(ProjectConfigurationPlatforms) = postSolution
		{9532C477-B209-4D7C-B35B-6FDEF4ACDE36}.Debug|Any CPU.ActiveCfg = Debug|Any CPU
		{9532C477-B209-4D7C-B35B-6FDEF4ACDE36}.Debug|Any CPU.Build.0 = Debug|Any CPU
		{9532C477-B209-4D7C-B35B-6FDEF4ACDE36}.Release|Any CPU.ActiveCfg = Release|Any CPU
		{9532C477-B209-4D7C-B35B-6FDEF4ACDE36}.Release|Any CPU.Build.0 = Release|Any CPU
		{87B3395F-A353-4B0E-83CF-419FC636312E}.Debug|Any CPU.ActiveCfg = Debug|Any CPU
		{87B3395F-A353-4B0E-83CF-419FC636312E}.Debug|Any CPU.Build.0 = Debug|Any CPU
		{87B3395F-A353-4B0E-83CF-419FC636312E}.Release|Any CPU.ActiveCfg = Release|Any CPU
		{87B3395F-A353-4B0E-83CF-419FC636312E}.Release|Any CPU.Build.0 = Release|Any CPU
	EndGlobalSection
	GlobalSection(SolutionProperties) = preSolution
		HideSolutionNode = FALSE
	EndGlobalSection
	GlobalSection(ExtensibilityGlobals) = postSolution
		SolutionGuid = {EBBECA68-24BD-47F5-BF24-AA8D462F1632}
	EndGlobalSection
EndGlobal
