
Microsoft Visual Studio Solution File, Format Version 12.00
# Visual Studio Version 16
VisualStudioVersion = 16.0.28803.352
MinimumVisualStudioVersion = 10.0.40219.1
Project("{FAE04EC0-301F-11D3-BF4B-00C04F79EFBC}") = "01.Club Party", "01.Club Party\01.Club Party.csproj", "{1E973333-88DE-4102-8AE9-521622DB9DFC}"
EndProject
Project("{FAE04EC0-301F-11D3-BF4B-00C04F79EFBC}") = "02. Tron Racers", "02. Tron Racers\02. Tron Racers.csproj", "{A3DB7CAA-49AD-469F-8A8F-F18900AA4134}"
EndProject
Global
	GlobalSection(SolutionConfigurationPlatforms) = preSolution
		Debug|Any CPU = Debug|Any CPU
		Release|Any CPU = Release|Any CPU
	EndGlobalSection
	GlobalSection(ProjectConfigurationPlatforms) = postSolution
		{1E973333-88DE-4102-8AE9-521622DB9DFC}.Debug|Any CPU.ActiveCfg = Debug|Any CPU
		{1E973333-88DE-4102-8AE9-521622DB9DFC}.Debug|Any CPU.Build.0 = Debug|Any CPU
		{1E973333-88DE-4102-8AE9-521622DB9DFC}.Release|Any CPU.ActiveCfg = Release|Any CPU
		{1E973333-88DE-4102-8AE9-521622DB9DFC}.Release|Any CPU.Build.0 = Release|Any CPU
		{A3DB7CAA-49AD-469F-8A8F-F18900AA4134}.Debug|Any CPU.ActiveCfg = Debug|Any CPU
		{A3DB7CAA-49AD-469F-8A8F-F18900AA4134}.Debug|Any CPU.Build.0 = Debug|Any CPU
		{A3DB7CAA-49AD-469F-8A8F-F18900AA4134}.Release|Any CPU.ActiveCfg = Release|Any CPU
		{A3DB7CAA-49AD-469F-8A8F-F18900AA4134}.Release|Any CPU.Build.0 = Release|Any CPU
	EndGlobalSection
	GlobalSection(SolutionProperties) = preSolution
		HideSolutionNode = FALSE
	EndGlobalSection
	GlobalSection(ExtensibilityGlobals) = postSolution
		SolutionGuid = {25C023F1-821E-4F45-82DE-726E1C1477F1}
	EndGlobalSection
EndGlobal
