
Microsoft Visual Studio Solution File, Format Version 12.00
# Visual Studio 15
VisualStudioVersion = 15.0.28307.168
MinimumVisualStudioVersion = 10.0.40219.1
Project("{9A19103F-16F7-4668-BE54-9A1E7A4F7556}") = "Default", "Default\Default.csproj", "{C1831ACA-2412-4914-B3C0-139D47EE7DD5}"
EndProject
Project("{FAE04EC0-301F-11D3-BF4B-00C04F79EFBC}") = "Default 2", "Default 2\Default 2.csproj", "{302DD0EB-5865-4AE0-9820-0AB3FC3BC216}"
EndProject
Global
	GlobalSection(SolutionConfigurationPlatforms) = preSolution
		Debug|Any CPU = Debug|Any CPU
		Release|Any CPU = Release|Any CPU
	EndGlobalSection
	GlobalSection(ProjectConfigurationPlatforms) = postSolution
		{C1831ACA-2412-4914-B3C0-139D47EE7DD5}.Debug|Any CPU.ActiveCfg = Debug|Any CPU
		{C1831ACA-2412-4914-B3C0-139D47EE7DD5}.Debug|Any CPU.Build.0 = Debug|Any CPU
		{C1831ACA-2412-4914-B3C0-139D47EE7DD5}.Release|Any CPU.ActiveCfg = Release|Any CPU
		{C1831ACA-2412-4914-B3C0-139D47EE7DD5}.Release|Any CPU.Build.0 = Release|Any CPU
		{302DD0EB-5865-4AE0-9820-0AB3FC3BC216}.Debug|Any CPU.ActiveCfg = Debug|Any CPU
		{302DD0EB-5865-4AE0-9820-0AB3FC3BC216}.Debug|Any CPU.Build.0 = Debug|Any CPU
		{302DD0EB-5865-4AE0-9820-0AB3FC3BC216}.Release|Any CPU.ActiveCfg = Release|Any CPU
		{302DD0EB-5865-4AE0-9820-0AB3FC3BC216}.Release|Any CPU.Build.0 = Release|Any CPU
	EndGlobalSection
	GlobalSection(SolutionProperties) = preSolution
		HideSolutionNode = FALSE
	EndGlobalSection
	GlobalSection(ExtensibilityGlobals) = postSolution
		SolutionGuid = {1619EFB8-250C-4CAE-94F2-E890F69AFE86}
	EndGlobalSection
EndGlobal
