
Microsoft Visual Studio Solution File, Format Version 12.00
# Visual Studio 15
VisualStudioVersion = 15.0.28307.438
MinimumVisualStudioVersion = 10.0.40219.1
Project("{9A19103F-16F7-4668-BE54-9A1E7A4F7556}") = "Associative_Arrays_Excercise", "Associative_Arrays_Excercise\Associative_Arrays_Excercise.csproj", "{47F087F5-02E8-4B9A-B893-49BA358D38D6}"
EndProject
Project("{9A19103F-16F7-4668-BE54-9A1E7A4F7556}") = "03. Legendary Farming", "03. Legendary Farming\03. Legendary Farming.csproj", "{A33D0523-15AD-48FD-98DD-C27F6E472CDA}"
EndProject
Project("{FAE04EC0-301F-11D3-BF4B-00C04F79EFBC}") = "01. Count Chars in a String", "01. Count Chars in a String\01. Count Chars in a String.csproj", "{2F35BD92-4DD1-4645-A375-BEC3EF94BBB3}"
EndProject
Project("{FAE04EC0-301F-11D3-BF4B-00C04F79EFBC}") = "02. A Miner Task", "02. A Miner Task\02. A Miner Task.csproj", "{BCB710C5-B0EB-4792-8F26-1CEDE2A43EC0}"
EndProject
Project("{FAE04EC0-301F-11D3-BF4B-00C04F79EFBC}") = "04. Orders", "04. Orders\04. Orders.csproj", "{56BB5CEB-DD5F-4424-BB37-08DD8F78567E}"
EndProject
Project("{FAE04EC0-301F-11D3-BF4B-00C04F79EFBC}") = "05. SoftUni Parking", "05. SoftUni Parking\05. SoftUni Parking.csproj", "{CABF171E-95B9-43D8-9F38-1EE3CD57ECEC}"
EndProject
Project("{FAE04EC0-301F-11D3-BF4B-00C04F79EFBC}") = "06. Courses", "06. Courses\06. Courses.csproj", "{5543B268-BD21-4DF7-821A-0E461FBD41EE}"
EndProject
Project("{FAE04EC0-301F-11D3-BF4B-00C04F79EFBC}") = "07. Student Academy", "07. Student Academy\07. Student Academy.csproj", "{9510E6B4-9EE6-414F-B433-1474D9027011}"
EndProject
Project("{FAE04EC0-301F-11D3-BF4B-00C04F79EFBC}") = "08. Company Users", "08. Company Users\08. Company Users.csproj", "{FDC4799C-3B7D-4994-B991-7EA5A79241BF}"
EndProject
Global
	GlobalSection(SolutionConfigurationPlatforms) = preSolution
		Debug|Any CPU = Debug|Any CPU
		Release|Any CPU = Release|Any CPU
	EndGlobalSection
	GlobalSection(ProjectConfigurationPlatforms) = postSolution
		{47F087F5-02E8-4B9A-B893-49BA358D38D6}.Debug|Any CPU.ActiveCfg = Debug|Any CPU
		{47F087F5-02E8-4B9A-B893-49BA358D38D6}.Debug|Any CPU.Build.0 = Debug|Any CPU
		{47F087F5-02E8-4B9A-B893-49BA358D38D6}.Release|Any CPU.ActiveCfg = Release|Any CPU
		{47F087F5-02E8-4B9A-B893-49BA358D38D6}.Release|Any CPU.Build.0 = Release|Any CPU
		{A33D0523-15AD-48FD-98DD-C27F6E472CDA}.Debug|Any CPU.ActiveCfg = Debug|Any CPU
		{A33D0523-15AD-48FD-98DD-C27F6E472CDA}.Debug|Any CPU.Build.0 = Debug|Any CPU
		{A33D0523-15AD-48FD-98DD-C27F6E472CDA}.Release|Any CPU.ActiveCfg = Release|Any CPU
		{A33D0523-15AD-48FD-98DD-C27F6E472CDA}.Release|Any CPU.Build.0 = Release|Any CPU
		{2F35BD92-4DD1-4645-A375-BEC3EF94BBB3}.Debug|Any CPU.ActiveCfg = Debug|Any CPU
		{2F35BD92-4DD1-4645-A375-BEC3EF94BBB3}.Debug|Any CPU.Build.0 = Debug|Any CPU
		{2F35BD92-4DD1-4645-A375-BEC3EF94BBB3}.Release|Any CPU.ActiveCfg = Release|Any CPU
		{2F35BD92-4DD1-4645-A375-BEC3EF94BBB3}.Release|Any CPU.Build.0 = Release|Any CPU
		{BCB710C5-B0EB-4792-8F26-1CEDE2A43EC0}.Debug|Any CPU.ActiveCfg = Debug|Any CPU
		{BCB710C5-B0EB-4792-8F26-1CEDE2A43EC0}.Debug|Any CPU.Build.0 = Debug|Any CPU
		{BCB710C5-B0EB-4792-8F26-1CEDE2A43EC0}.Release|Any CPU.ActiveCfg = Release|Any CPU
		{BCB710C5-B0EB-4792-8F26-1CEDE2A43EC0}.Release|Any CPU.Build.0 = Release|Any CPU
		{56BB5CEB-DD5F-4424-BB37-08DD8F78567E}.Debug|Any CPU.ActiveCfg = Debug|Any CPU
		{56BB5CEB-DD5F-4424-BB37-08DD8F78567E}.Debug|Any CPU.Build.0 = Debug|Any CPU
		{56BB5CEB-DD5F-4424-BB37-08DD8F78567E}.Release|Any CPU.ActiveCfg = Release|Any CPU
		{56BB5CEB-DD5F-4424-BB37-08DD8F78567E}.Release|Any CPU.Build.0 = Release|Any CPU
		{CABF171E-95B9-43D8-9F38-1EE3CD57ECEC}.Debug|Any CPU.ActiveCfg = Debug|Any CPU
		{CABF171E-95B9-43D8-9F38-1EE3CD57ECEC}.Debug|Any CPU.Build.0 = Debug|Any CPU
		{CABF171E-95B9-43D8-9F38-1EE3CD57ECEC}.Release|Any CPU.ActiveCfg = Release|Any CPU
		{CABF171E-95B9-43D8-9F38-1EE3CD57ECEC}.Release|Any CPU.Build.0 = Release|Any CPU
		{5543B268-BD21-4DF7-821A-0E461FBD41EE}.Debug|Any CPU.ActiveCfg = Debug|Any CPU
		{5543B268-BD21-4DF7-821A-0E461FBD41EE}.Debug|Any CPU.Build.0 = Debug|Any CPU
		{5543B268-BD21-4DF7-821A-0E461FBD41EE}.Release|Any CPU.ActiveCfg = Release|Any CPU
		{5543B268-BD21-4DF7-821A-0E461FBD41EE}.Release|Any CPU.Build.0 = Release|Any CPU
		{9510E6B4-9EE6-414F-B433-1474D9027011}.Debug|Any CPU.ActiveCfg = Debug|Any CPU
		{9510E6B4-9EE6-414F-B433-1474D9027011}.Debug|Any CPU.Build.0 = Debug|Any CPU
		{9510E6B4-9EE6-414F-B433-1474D9027011}.Release|Any CPU.ActiveCfg = Release|Any CPU
		{9510E6B4-9EE6-414F-B433-1474D9027011}.Release|Any CPU.Build.0 = Release|Any CPU
		{FDC4799C-3B7D-4994-B991-7EA5A79241BF}.Debug|Any CPU.ActiveCfg = Debug|Any CPU
		{FDC4799C-3B7D-4994-B991-7EA5A79241BF}.Debug|Any CPU.Build.0 = Debug|Any CPU
		{FDC4799C-3B7D-4994-B991-7EA5A79241BF}.Release|Any CPU.ActiveCfg = Release|Any CPU
		{FDC4799C-3B7D-4994-B991-7EA5A79241BF}.Release|Any CPU.Build.0 = Release|Any CPU
	EndGlobalSection
	GlobalSection(SolutionProperties) = preSolution
		HideSolutionNode = FALSE
	EndGlobalSection
	GlobalSection(ExtensibilityGlobals) = postSolution
		SolutionGuid = {46847C2C-13E3-4D51-85B1-BFA694F80A2D}
	EndGlobalSection
EndGlobal
