
Microsoft Visual Studio Solution File, Format Version 12.00
# Visual Studio Version 16
VisualStudioVersion = 16.0.28803.352
MinimumVisualStudioVersion = 10.0.40219.1
Project("{9A19103F-16F7-4668-BE54-9A1E7A4F7556}") = "SoftUniRestaurant", "SoftUniRestaurant.csproj", "{947662B2-448E-4EEA-B90B-6902BA25EF02}"
EndProject
Global
	GlobalSection(SolutionConfigurationPlatforms) = preSolution
		Debug|Any CPU = Debug|Any CPU
		Release|Any CPU = Release|Any CPU
	EndGlobalSection
	GlobalSection(ProjectConfigurationPlatforms) = postSolution
		{947662B2-448E-4EEA-B90B-6902BA25EF02}.Debug|Any CPU.ActiveCfg = Debug|Any CPU
		{947662B2-448E-4EEA-B90B-6902BA25EF02}.Debug|Any CPU.Build.0 = Debug|Any CPU
		{947662B2-448E-4EEA-B90B-6902BA25EF02}.Release|Any CPU.ActiveCfg = Release|Any CPU
		{947662B2-448E-4EEA-B90B-6902BA25EF02}.Release|Any CPU.Build.0 = Release|Any CPU
	EndGlobalSection
	GlobalSection(SolutionProperties) = preSolution
		HideSolutionNode = FALSE
	EndGlobalSection
	GlobalSection(ExtensibilityGlobals) = postSolution
		SolutionGuid = {F8F5B965-F9B8-42D2-A90E-B8C0BD40CF95}
	EndGlobalSection
EndGlobal
