
Microsoft Visual Studio Solution File, Format Version 12.00
# Visual Studio Version 16
VisualStudioVersion = 16.0.29411.108
MinimumVisualStudioVersion = 10.0.40219.1
Project("{FAE04EC0-301F-11D3-BF4B-00C04F79EFBC}") = "SIS.HTTP", "Web_Server_Ex\SIS.HTTP.csproj", "{23A64DEE-D7F4-44A1-8BC7-55F6C4FF34E5}"
EndProject
Project("{FAE04EC0-301F-11D3-BF4B-00C04F79EFBC}") = "SIS.WebServer", "SIS.WebServer\SIS.WebServer.csproj", "{DC50C968-6B26-4098-B62D-59DBECC3BBC4}"
EndProject
Project("{FAE04EC0-301F-11D3-BF4B-00C04F79EFBC}") = "Demo.App", "Demo.App\Demo.App.csproj", "{018E604F-3A06-4FEC-B391-DC3F6E779376}"
EndProject
Global
	GlobalSection(SolutionConfigurationPlatforms) = preSolution
		Debug|Any CPU = Debug|Any CPU
		Release|Any CPU = Release|Any CPU
	EndGlobalSection
	GlobalSection(ProjectConfigurationPlatforms) = postSolution
		{23A64DEE-D7F4-44A1-8BC7-55F6C4FF34E5}.Debug|Any CPU.ActiveCfg = Debug|Any CPU
		{23A64DEE-D7F4-44A1-8BC7-55F6C4FF34E5}.Debug|Any CPU.Build.0 = Debug|Any CPU
		{23A64DEE-D7F4-44A1-8BC7-55F6C4FF34E5}.Release|Any CPU.ActiveCfg = Release|Any CPU
		{23A64DEE-D7F4-44A1-8BC7-55F6C4FF34E5}.Release|Any CPU.Build.0 = Release|Any CPU
		{DC50C968-6B26-4098-B62D-59DBECC3BBC4}.Debug|Any CPU.ActiveCfg = Debug|Any CPU
		{DC50C968-6B26-4098-B62D-59DBECC3BBC4}.Debug|Any CPU.Build.0 = Debug|Any CPU
		{DC50C968-6B26-4098-B62D-59DBECC3BBC4}.Release|Any CPU.ActiveCfg = Release|Any CPU
		{DC50C968-6B26-4098-B62D-59DBECC3BBC4}.Release|Any CPU.Build.0 = Release|Any CPU
		{018E604F-3A06-4FEC-B391-DC3F6E779376}.Debug|Any CPU.ActiveCfg = Debug|Any CPU
		{018E604F-3A06-4FEC-B391-DC3F6E779376}.Debug|Any CPU.Build.0 = Debug|Any CPU
		{018E604F-3A06-4FEC-B391-DC3F6E779376}.Release|Any CPU.ActiveCfg = Release|Any CPU
		{018E604F-3A06-4FEC-B391-DC3F6E779376}.Release|Any CPU.Build.0 = Release|Any CPU
	EndGlobalSection
	GlobalSection(SolutionProperties) = preSolution
		HideSolutionNode = FALSE
	EndGlobalSection
	GlobalSection(ExtensibilityGlobals) = postSolution
		SolutionGuid = {226BAC93-00CC-4C63-A653-AEBE68AF93A8}
	EndGlobalSection
EndGlobal
