
Microsoft Visual Studio Solution File, Format Version 12.00
# Visual Studio Version 16
VisualStudioVersion = 16.0.28803.352
MinimumVisualStudioVersion = 10.0.40219.1
Project("{FAE04EC0-301F-11D3-BF4B-00C04F79EFBC}") = "01. Odd Lines", "01. Odd Lines\01. Odd Lines.csproj", "{390F8BE7-318B-44DB-9951-809A1C0FD3FA}"
EndProject
Project("{FAE04EC0-301F-11D3-BF4B-00C04F79EFBC}") = "02. Line Numbers", "02. Line Numbers\02. Line Numbers.csproj", "{E3459AAF-30A6-4CF1-8B6A-5D4C947C2491}"
EndProject
Global
	GlobalSection(SolutionConfigurationPlatforms) = preSolution
		Debug|Any CPU = Debug|Any CPU
		Release|Any CPU = Release|Any CPU
	EndGlobalSection
	GlobalSection(ProjectConfigurationPlatforms) = postSolution
		{390F8BE7-318B-44DB-9951-809A1C0FD3FA}.Debug|Any CPU.ActiveCfg = Debug|Any CPU
		{390F8BE7-318B-44DB-9951-809A1C0FD3FA}.Debug|Any CPU.Build.0 = Debug|Any CPU
		{390F8BE7-318B-44DB-9951-809A1C0FD3FA}.Release|Any CPU.ActiveCfg = Release|Any CPU
		{390F8BE7-318B-44DB-9951-809A1C0FD3FA}.Release|Any CPU.Build.0 = Release|Any CPU
		{E3459AAF-30A6-4CF1-8B6A-5D4C947C2491}.Debug|Any CPU.ActiveCfg = Debug|Any CPU
		{E3459AAF-30A6-4CF1-8B6A-5D4C947C2491}.Debug|Any CPU.Build.0 = Debug|Any CPU
		{E3459AAF-30A6-4CF1-8B6A-5D4C947C2491}.Release|Any CPU.ActiveCfg = Release|Any CPU
		{E3459AAF-30A6-4CF1-8B6A-5D4C947C2491}.Release|Any CPU.Build.0 = Release|Any CPU
	EndGlobalSection
	GlobalSection(SolutionProperties) = preSolution
		HideSolutionNode = FALSE
	EndGlobalSection
	GlobalSection(ExtensibilityGlobals) = postSolution
		SolutionGuid = {3EF1C285-3A09-4D75-9C6A-581925BDC631}
	EndGlobalSection
EndGlobal
