
Microsoft Visual Studio Solution File, Format Version 12.00
# Visual Studio 15
VisualStudioVersion = 15.0.28307.489
MinimumVisualStudioVersion = 10.0.40219.1
Project("{FAE04EC0-301F-11D3-BF4B-00C04F79EFBC}") = "05. Multiply Big Number", "05. Multiply Big Number\05. Multiply Big Number.csproj", "{AF1EFEDB-58C1-4E7A-BC28-1F007E90AFC9}"
EndProject
Global
	GlobalSection(SolutionConfigurationPlatforms) = preSolution
		Debug|Any CPU = Debug|Any CPU
		Release|Any CPU = Release|Any CPU
	EndGlobalSection
	GlobalSection(ProjectConfigurationPlatforms) = postSolution
		{AF1EFEDB-58C1-4E7A-BC28-1F007E90AFC9}.Debug|Any CPU.ActiveCfg = Debug|Any CPU
		{AF1EFEDB-58C1-4E7A-BC28-1F007E90AFC9}.Debug|Any CPU.Build.0 = Debug|Any CPU
		{AF1EFEDB-58C1-4E7A-BC28-1F007E90AFC9}.Release|Any CPU.ActiveCfg = Release|Any CPU
		{AF1EFEDB-58C1-4E7A-BC28-1F007E90AFC9}.Release|Any CPU.Build.0 = Release|Any CPU
	EndGlobalSection
	GlobalSection(SolutionProperties) = preSolution
		HideSolutionNode = FALSE
	EndGlobalSection
	GlobalSection(ExtensibilityGlobals) = postSolution
		SolutionGuid = {F7D823F0-BD0A-438A-A6CC-0608F5F9EBE1}
	EndGlobalSection
EndGlobal
